{"SurveyEntry":{"SurveyID":"SV_eJRT1I19FFCgDAh","SurveyName":"PopBots July 2020 Pilot - Post-Study Survey - Intervention","SurveyDescription":null,"SurveyOwnerID":"UR_1ZCVV1YyhXBpxop","SurveyBrandID":"stanforduniversity","DivisionID":null,"SurveyLanguage":"EN","SurveyActiveResponseSet":"RS_et7R5ibg3GZeriZ","SurveyStatus":"Active","SurveyStartDate":"0000-00-00 00:00:00","SurveyExpirationDate":"0000-00-00 00:00:00","SurveyCreationDate":"2020-06-08 12:56:56","CreatorID":"UR_1ZCVV1YyhXBpxop","LastModified":"2020-09-27 14:05:30","LastAccessed":"0000-00-00 00:00:00","LastActivated":"2020-06-08 12:58:14","Deleted":null},"SurveyElements":[{"SurveyID":"SV_eJRT1I19FFCgDAh","Element":"BL","PrimaryAttribute":"Survey Blocks","SecondaryAttribute":null,"TertiaryAttribute":null,"Payload":[{"Type":"Default","Description":"Default Question Block","ID":"BL_7TX053y2XBjeZ3T","BlockElements":[{"Type":"Question","QuestionID":"QID2"},{"Type":"Question","QuestionID":"QID17"},{"Type":"Question","QuestionID":"QID18"},{"Type":"Page Break"},{"Type":"Question","QuestionID":"QID24"},{"Type":"Question","QuestionID":"QID25"},{"Type":"Page Break"},{"Type":"Question","QuestionID":"QID29"},{"Type":"Question","QuestionID":"QID34"},{"Type":"Question","QuestionID":"QID28"},{"Type":"Question","QuestionID":"QID31"},{"Type":"Question","QuestionID":"QID30"},{"Type":"Question","QuestionID":"QID32"},{"Type":"Question","QuestionID":"QID33"},{"Type":"Question","QuestionID":"QID35"},{"Type":"Page Break"},{"Type":"Question","QuestionID":"QID1"},{"Type":"Question","QuestionID":"QID3"},{"Type":"Question","QuestionID":"QID4"},{"Type":"Question","QuestionID":"QID5"},{"Type":"Page Break"},{"Type":"Question","QuestionID":"QID6"},{"Type":"Question","QuestionID":"QID27"},{"Type":"Question","QuestionID":"QID8"},{"Type":"Page Break"},{"Type":"Question","QuestionID":"QID38"},{"Type":"Question","QuestionID":"QID40"},{"Type":"Question","QuestionID":"QID39"},{"Type":"Question","QuestionID":"QID41"},{"Type":"Page Break"},{"Type":"Question","QuestionID":"QID7"},{"Type":"Question","QuestionID":"QID22"},{"Type":"Question","QuestionID":"QID9"},{"Type":"Question","QuestionID":"QID23"},{"Type":"Question","QuestionID":"QID10"},{"Type":"Page Break"},{"Type":"Question","QuestionID":"QID11"}]},{"Type":"Trash","Description":"Trash \/ Unused Questions","ID":"BL_3ODnr2YITlduYAt","BlockElements":[{"Type":"Question","QuestionID":"QID15"},{"Type":"Question","QuestionID":"QID14"},{"Type":"Question","QuestionID":"QID16"},{"Type":"Question","QuestionID":"QID12"},{"Type":"Question","QuestionID":"QID19"},{"Type":"Question","QuestionID":"QID13"},{"Type":"Question","QuestionID":"QID21"},{"Type":"Question","QuestionID":"QID26"},{"Type":"Question","QuestionID":"QID37"},{"Type":"Question","QuestionID":"QID36"},{"Type":"Question","QuestionID":"QID20"},{"Type":"Question","QuestionID":"QID43"},{"Type":"Question","QuestionID":"QID44"}]},{"Type":"Standard","SubType":"","Description":"Block 1","ID":"BL_eevIBWVZDSoC4ND","BlockElements":[{"Type":"Question","QuestionID":"QID42"}]}]},{"SurveyID":"SV_eJRT1I19FFCgDAh","Element":"FL","PrimaryAttribute":"Survey Flow","SecondaryAttribute":null,"TertiaryAttribute":null,"Payload":{"Type":"Root","FlowID":"FL_1","Flow":[{"Type":"EmbeddedData","FlowID":"FL_3","EmbeddedData":[{"Description":"hid","Type":"Recipient","Field":"hid","VariableType":"String","DataVisibility":[],"AnalyzeText":false},{"Description":"rdate","Type":"Recipient","Field":"rdate","VariableType":"String","DataVisibility":[],"AnalyzeText":false},{"Description":"Create New Field or Choose From Dropdown...","Type":"Recipient","Field":"Create New Field or Choose From Dropdown...","VariableType":"String","DataVisibility":[],"AnalyzeText":false}]},{"Type":"Block","ID":"BL_7TX053y2XBjeZ3T","FlowID":"FL_2"},{"ID":"BL_eevIBWVZDSoC4ND","Type":"Standard","FlowID":"FL_4"}],"Properties":{"Count":4,"RemovedFieldsets":[]}}},{"SurveyID":"SV_eJRT1I19FFCgDAh","Element":"SO","PrimaryAttribute":"Survey Options","SecondaryAttribute":null,"TertiaryAttribute":null,"Payload":{"BackButton":"false","SaveAndContinue":"true","SurveyProtection":"PublicSurvey","BallotBoxStuffingPrevention":"false","NoIndex":"Yes","SecureResponseFiles":"true","SurveyExpiration":"None","SurveyTermination":"DefaultMessage","Header":"","Footer":"","ProgressBarDisplay":"None","PartialData":"+1 week","ValidationMessage":"","PreviousButton":" \u2190 ","NextButton":" \u2192 ","SkinLibrary":"stanforduniversity","SkinType":"MQ","Skin":"stanforduniversity3_new_update","NewScoring":1,"ProtectSelectionIds":true,"SurveyTitle":"Online Survey Software | Qualtrics Survey Solutions","SurveyName":"PopBots July 2020 Pilot - Post-Study Survey - Intervention"}},{"SurveyID":"SV_eJRT1I19FFCgDAh","Element":"SCO","PrimaryAttribute":"Scoring","SecondaryAttribute":null,"TertiaryAttribute":null,"Payload":{"ScoringCategories":[],"ScoringCategoryGroups":[],"ScoringSummaryCategory":null,"ScoringSummaryAfterQuestions":0,"ScoringSummaryAfterSurvey":0,"DefaultScoringCategory":null,"AutoScoringCategory":null}},{"SurveyID":"SV_eJRT1I19FFCgDAh","Element":"PROJ","PrimaryAttribute":"CORE","SecondaryAttribute":null,"TertiaryAttribute":"1.1.0","Payload":{"ProjectCategory":"CORE","SchemaVersion":"1.1.0"}},{"SurveyID":"SV_eJRT1I19FFCgDAh","Element":"STAT","PrimaryAttribute":"Survey Statistics","SecondaryAttribute":null,"TertiaryAttribute":null,"Payload":{"MobileCompatible":true,"ID":"Survey Statistics"}},{"SurveyID":"SV_eJRT1I19FFCgDAh","Element":"QC","PrimaryAttribute":"Survey Question Count","SecondaryAttribute":"44","TertiaryAttribute":null,"Payload":null},{"SurveyID":"SV_eJRT1I19FFCgDAh","Element":"SQ","PrimaryAttribute":"QID8","SecondaryAttribute":"After chatting with the PopBots, has your perception of using chatbots for daily stress managemen...","TertiaryAttribute":null,"Payload":{"QuestionText":"After chatting with the PopBots, has your perception of using chatbots for daily stress management changed?&nbsp;&nbsp;Why or why not?","DefaultChoices":false,"DataExportTag":"Q8","QuestionType":"TE","Selector":"ML","Configuration":{"QuestionDescriptionOption":"UseText","AllowFreeResponse":"false"},"QuestionDescription":"After chatting with the PopBots, has your perception of using chatbots for daily stress managemen...","Validation":{"Settings":{"ForceResponse":"ON","ForceResponseType":"ON","Type":"None"}},"GradingData":[],"Language":[],"NextChoiceId":4,"NextAnswerId":1,"QuestionID":"QID8","DataVisibility":{"Private":false,"Hidden":false},"DisplayLogic":{"0":{"0":{"LogicType":"Question","QuestionID":"QID17","QuestionIsInLoop":"no","ChoiceLocator":"q:\/\/QID17\/SelectableChoice\/4","Operator":"Selected","QuestionIDFromLocator":"QID17","LeftOperand":"q:\/\/QID17\/SelectableChoice\/4","Type":"Expression","Description":"<span class=\"ConjDesc\">If<\/span> <span class=\"QuestionDesc\">Did you interact with (i.e. chat with to any extent) the bots after you signed up?<\/span> <span class=\"LeftOpDesc\">Yes<\/span> <span class=\"OpDesc\">Is Selected<\/span> "},"Type":"If"},"Type":"BooleanExpression","inPage":false},"SearchSource":{"AllowFreeResponse":"false"}}},{"SurveyID":"SV_eJRT1I19FFCgDAh","Element":"SQ","PrimaryAttribute":"QID19","SecondaryAttribute":"Click to write the question text","TertiaryAttribute":null,"Payload":{"QuestionText":"Click to write the question text","DataExportTag":"Q19","QuestionType":"MC","Selector":"SAVR","SubSelector":"TX","Configuration":{"QuestionDescriptionOption":"UseText"},"QuestionDescription":"Click to write the question text","Choices":{"1":{"Display":"Click to write Choice 1"},"2":{"Display":"Click to write Choice 2"},"3":{"Display":"Click to write Choice 3"}},"ChoiceOrder":["1","2","3"],"Validation":{"Settings":{"ForceResponse":"OFF","ForceResponseType":"ON","Type":"None"}},"Language":[],"NextChoiceId":4,"NextAnswerId":1,"QuestionID":"QID19"}},{"SurveyID":"SV_eJRT1I19FFCgDAh","Element":"SQ","PrimaryAttribute":"QID26","SecondaryAttribute":"Click to write the question text","TertiaryAttribute":null,"Payload":{"QuestionText":"Click to write the question text","DataExportTag":"Q26","QuestionType":"MC","Selector":"SAVR","SubSelector":"TX","Configuration":{"QuestionDescriptionOption":"UseText"},"QuestionDescription":"Click to write the question text","Choices":{"1":{"Display":"Click to write Choice 1"},"2":{"Display":"Click to write Choice 2"},"3":{"Display":"Click to write Choice 3"}},"ChoiceOrder":["1","2","3"],"Validation":{"Settings":{"ForceResponse":"OFF","ForceResponseType":"ON","Type":"None"}},"Language":[],"NextChoiceId":4,"NextAnswerId":1,"QuestionID":"QID26"}},{"SurveyID":"SV_eJRT1I19FFCgDAh","Element":"SQ","PrimaryAttribute":"QID36","SecondaryAttribute":"Click to write the question text","TertiaryAttribute":null,"Payload":{"QuestionText":"Click to write the question text","DataExportTag":"Q36","QuestionType":"MC","Selector":"SAVR","SubSelector":"TX","Configuration":{"QuestionDescriptionOption":"UseText"},"QuestionDescription":"Click to write the question text","Choices":{"1":{"Display":"Click to write Choice 1"},"2":{"Display":"Click to write Choice 2"},"3":{"Display":"Click to write Choice 3"}},"ChoiceOrder":["1","2","3"],"Validation":{"Settings":{"ForceResponse":"OFF","ForceResponseType":"ON","Type":"None"}},"Language":[],"NextChoiceId":4,"NextAnswerId":1,"QuestionID":"QID36"}},{"SurveyID":"SV_eJRT1I19FFCgDAh","Element":"SQ","PrimaryAttribute":"QID37","SecondaryAttribute":"Click to write the question text","TertiaryAttribute":null,"Payload":{"QuestionText":"Click to write the question text","DataExportTag":"Q37","QuestionType":"MC","Selector":"SAVR","SubSelector":"TX","DataVisibility":{"Private":false,"Hidden":false},"Configuration":{"QuestionDescriptionOption":"UseText"},"QuestionDescription":"Click to write the question text","Choices":{"1":{"Display":"Click to write Choice 1"},"2":{"Display":"Click to write Choice 2"},"3":{"Display":"Click to write Choice 3"}},"ChoiceOrder":["1","2","3"],"Validation":{"Settings":{"ForceResponse":"OFF","ForceResponseType":"ON","Type":"None"}},"Language":[],"NextChoiceId":4,"NextAnswerId":1,"QuestionID":"QID37"}},{"SurveyID":"SV_eJRT1I19FFCgDAh","Element":"RS","PrimaryAttribute":"RS_et7R5ibg3GZeriZ","SecondaryAttribute":"Default Response Set","TertiaryAttribute":null,"Payload":null},{"SurveyID":"SV_eJRT1I19FFCgDAh","Element":"SQ","PrimaryAttribute":"QID10","SecondaryAttribute":"Did you experience any problems with PopBots and\/or Telegram? If so, please elaborate.","TertiaryAttribute":null,"Payload":{"QuestionText":"Did you experience any problems with PopBots and\/or Telegram? If so, please elaborate.","DefaultChoices":false,"DataExportTag":"Q10","QuestionType":"TE","Selector":"ML","Configuration":{"QuestionDescriptionOption":"UseText","AllowFreeResponse":"false"},"QuestionDescription":"Did you experience any problems with PopBots and\/or Telegram? If so, please elaborate.","Validation":{"Settings":{"ForceResponse":"ON","ForceResponseType":"ON","Type":"None"}},"GradingData":[],"Language":[],"NextChoiceId":4,"NextAnswerId":1,"QuestionID":"QID10","DataVisibility":{"Private":false,"Hidden":false},"SearchSource":{"AllowFreeResponse":"false"}}},{"SurveyID":"SV_eJRT1I19FFCgDAh","Element":"SQ","PrimaryAttribute":"QID17","SecondaryAttribute":"Did you interact with (i.e. chat with to any extent) the bots after you signed up?","TertiaryAttribute":null,"Payload":{"QuestionText":"Did you interact with (i.e. chat with to any extent) the bots after you signed up?","DefaultChoices":false,"DataExportTag":"Q17","QuestionID":"QID17","QuestionType":"MC","Selector":"SAVR","SubSelector":"TX","Configuration":{"QuestionDescriptionOption":"UseText"},"QuestionDescription":"Did you interact with (i.e. chat with to any extent) the bots after you signed up?","Choices":{"4":{"Display":"Yes"},"5":{"Display":"No"}},"ChoiceOrder":["4","5"],"Validation":{"Settings":{"ForceResponse":"ON","ForceResponseType":"ON","Type":"None"}},"GradingData":[],"Language":[],"NextChoiceId":6,"NextAnswerId":1,"DataVisibility":{"Private":false,"Hidden":false}}},{"SurveyID":"SV_eJRT1I19FFCgDAh","Element":"SQ","PrimaryAttribute":"QID11","SecondaryAttribute":"Do you have any other feedback for the research team?","TertiaryAttribute":null,"Payload":{"QuestionText":"Do you have any other feedback for the research team?","DefaultChoices":false,"DataExportTag":"Q11","QuestionID":"QID11","QuestionType":"TE","Selector":"ML","DataVisibility":{"Private":false,"Hidden":false},"Configuration":{"QuestionDescriptionOption":"UseText"},"QuestionDescription":"Do you have any other feedback for the research team?","Validation":{"Settings":{"ForceResponse":"OFF","ForceResponseType":"ON","Type":"None"}},"GradingData":[],"Language":[],"NextChoiceId":7,"NextAnswerId":1,"SearchSource":{"AllowFreeResponse":"false"}}},{"SurveyID":"SV_eJRT1I19FFCgDAh","Element":"SQ","PrimaryAttribute":"QID5","SecondaryAttribute":"Do you like the idea of having a suite of simple bots to chat with compared to the traditional s...","TertiaryAttribute":null,"Payload":{"QuestionText":"&nbsp;Do you like the idea of having a suite of simple bots to chat with compared to the traditional single bot model?","DataExportTag":"Q5","QuestionType":"MC","Selector":"SAVR","SubSelector":"TX","Configuration":{"QuestionDescriptionOption":"UseText"},"QuestionDescription":"Do you like the idea of having a suite of simple bots to chat with compared to the traditional s...","Choices":{"1":{"Display":"Like a great deal"},"2":{"Display":"Like a moderate amount"},"3":{"Display":"Like a little"},"4":{"Display":"Neither like nor dislike"},"5":{"Display":"Dislike a little"},"6":{"Display":"Dislike a moderate amount"},"7":{"Display":"Dislike a great deal"}},"ChoiceOrder":["1","2","3","4","5","6","7"],"Validation":{"Settings":{"ForceResponse":"ON","ForceResponseType":"ON","Type":"None"}},"Language":[],"NextChoiceId":8,"NextAnswerId":1,"QuestionID":"QID5","DataVisibility":{"Private":false,"Hidden":false},"DisplayLogic":{"0":{"0":{"LogicType":"Question","QuestionID":"QID17","QuestionIsInLoop":"no","ChoiceLocator":"q:\/\/QID17\/SelectableChoice\/4","Operator":"Selected","QuestionIDFromLocator":"QID17","LeftOperand":"q:\/\/QID17\/SelectableChoice\/4","Type":"Expression","Description":"<span class=\"ConjDesc\">If<\/span> <span class=\"QuestionDesc\">Did you interact with (i.e. chat with to any extent) the bots after you signed up?<\/span> <span class=\"LeftOpDesc\">Yes<\/span> <span class=\"OpDesc\">Is Selected<\/span> "},"Type":"If"},"Type":"BooleanExpression","inPage":false}}},{"SurveyID":"SV_eJRT1I19FFCgDAh","Element":"SQ","PrimaryAttribute":"QID12","SecondaryAttribute":"During the pilot, did you have choice over which bots you could chat with, or were you assigned a...","TertiaryAttribute":null,"Payload":{"QuestionText":"<span id=\"docs-internal-guid-b1a68100-7fff-d65e-23a2-804a563e69a9\"><span style=\"font-size: 11pt; font-family: Arial; color: rgb(0, 0, 0); background-color: transparent; font-variant-numeric: normal; font-variant-east-asian: normal; vertical-align: baseline; white-space: pre-wrap;\">During the pilot, did you have choice over which bots you could chat with, or were you assigned a chatbot randomly by the system?<\/span><\/span>","DataExportTag":"Q12","QuestionType":"MC","Selector":"SAVR","SubSelector":"TX","Configuration":{"QuestionDescriptionOption":"UseText"},"QuestionDescription":"During the pilot, did you have choice over which bots you could chat with, or were you assigned a...","Choices":{"1":{"Display":"Choice (i.e. you were able to select which bots to chat with)"},"2":{"Display":"Random assignment (i.e. the system automatically assigned you with a bot to chat with)"}},"ChoiceOrder":[1,2],"Validation":{"Settings":{"ForceResponse":"ON","ForceResponseType":"ON","Type":"None"}},"Language":[],"NextChoiceId":3,"NextAnswerId":1,"QuestionID":"QID12","DataVisibility":{"Private":false,"Hidden":false}}},{"SurveyID":"SV_eJRT1I19FFCgDAh","Element":"SQ","PrimaryAttribute":"QID38","SecondaryAttribute":"For each stressor, please sort them to the bot you are most likely to chat with. (If you have not...","TertiaryAttribute":null,"Payload":{"QuestionText":"For each stressor, please sort them to the bot you are most likely to chat with. &nbsp;(If you have not interacted with a bot, please answer to your best ability.)","DefaultChoices":false,"DataExportTag":"Q39","QuestionType":"PGR","Selector":"DragAndDrop","SubSelector":"NoColumns","DataVisibility":{"Private":false,"Hidden":false},"Configuration":{"QuestionDescriptionOption":"UseText","Stack":false,"StackItemsInGroups":false},"QuestionDescription":"For each stressor, please sort them to the bot you are most likely to chat with. (If you have not...","Choices":{"8":{"Display":"Illness or Injury"},"9":{"Display":"Anxiety about an exam"},"10":{"Display":"Heavy workload"},"11":{"Display":"Project\/Work Deadline"},"12":{"Display":"Conflict between family members"},"13":{"Display":"Sexuality and Identity"},"14":{"Display":"Loneliness and Social isolation"},"15":{"Display":"Financial stress"},"16":{"Display":"Conflict with a coworker"},"17":{"Display":"Relationship (romantic) stress"},"18":{"Display":"Job search\/Post-graduate stress"},"19":{"Display":"Vacation\/Break related stress"},"20":{"Display":"Everyday stressors (e.g. deciding what to eat for dinner)"}},"ChoiceOrder":["8","9","10","11","12","13","14","15","16","17","18","19","20"],"Validation":{"Settings":{"ForceResponse":"ON","Type":"None"}},"GradingData":[],"Language":[],"NextChoiceId":21,"NextAnswerId":21,"Groups":["Doom bot (Worst case scenario)","Sherlock bot (Problem solving)","Glass-half-full Bot (Positive thinking)","Humor Bot (Humor)","Self Care Bot (Self care)","Distracti Bot (Distraction)","Checkin Bot (Evaluate daily activities)"],"NumberOfGroups":7,"QuestionID":"QID38","DisplayLogic":{"0":{"0":{"LogicType":"Question","QuestionID":"QID17","QuestionIsInLoop":"no","ChoiceLocator":"q:\/\/QID17\/SelectableChoice\/4","Operator":"Selected","QuestionIDFromLocator":"QID17","LeftOperand":"q:\/\/QID17\/SelectableChoice\/4","Type":"Expression","Description":"<span class=\"ConjDesc\">If<\/span> <span class=\"QuestionDesc\">Did you interact with (i.e. chat with to any extent) the bots after you signed up?<\/span> <span class=\"LeftOpDesc\">Yes<\/span> <span class=\"OpDesc\">Is Selected<\/span> "},"Type":"If"},"Type":"BooleanExpression","inPage":false}}},{"SurveyID":"SV_eJRT1I19FFCgDAh","Element":"SQ","PrimaryAttribute":"QID27","SecondaryAttribute":"Have you learned anything new from interacting with the PopBots?","TertiaryAttribute":null,"Payload":{"QuestionText":"Have you learned anything new from interacting with the PopBots?","DefaultChoices":false,"DataExportTag":"Q27","QuestionType":"TE","Selector":"ML","Configuration":{"QuestionDescriptionOption":"UseText","AllowFreeResponse":"false"},"QuestionDescription":"Have you learned anything new from interacting with the PopBots?","Validation":{"Settings":{"ForceResponse":"ON","ForceResponseType":"ON","Type":"None"}},"GradingData":[],"Language":[],"NextChoiceId":4,"NextAnswerId":1,"QuestionID":"QID27","DataVisibility":{"Private":false,"Hidden":false},"DisplayLogic":{"0":{"0":{"LogicType":"Question","QuestionID":"QID17","QuestionIsInLoop":"no","ChoiceLocator":"q:\/\/QID17\/SelectableChoice\/4","Operator":"Selected","QuestionIDFromLocator":"QID17","LeftOperand":"q:\/\/QID17\/SelectableChoice\/4","Type":"Expression","Description":"<span class=\"ConjDesc\">If<\/span> <span class=\"QuestionDesc\">Did you interact with (i.e. chat with to any extent) the bots after you signed up?<\/span> <span class=\"LeftOpDesc\">Yes<\/span> <span class=\"OpDesc\">Is Selected<\/span> "},"Type":"If"},"Type":"BooleanExpression","inPage":false},"SearchSource":{"AllowFreeResponse":"false"}}},{"SurveyID":"SV_eJRT1I19FFCgDAh","Element":"SQ","PrimaryAttribute":"QID7","SecondaryAttribute":"How easy was it to interact with the chatbots using Telegram?","TertiaryAttribute":null,"Payload":{"QuestionText":"How easy was it to interact with the chatbots using Telegram?","DataExportTag":"Q7","QuestionType":"MC","Selector":"SAVR","SubSelector":"TX","Configuration":{"QuestionDescriptionOption":"UseText"},"QuestionDescription":"How easy was it to interact with the chatbots using Telegram?","Choices":{"1":{"Display":"Extremely easy"},"2":{"Display":"Moderately easy"},"3":{"Display":"Slightly easy"},"4":{"Display":"Neither easy nor difficult"},"5":{"Display":"Slightly difficult"},"6":{"Display":"Moderately difficult"},"7":{"Display":"Extremely difficult"}},"ChoiceOrder":["1","2","3","4","5","6","7"],"Validation":{"Settings":{"ForceResponse":"ON","ForceResponseType":"ON","Type":"None"}},"Language":[],"NextChoiceId":8,"NextAnswerId":1,"QuestionID":"QID7","DataVisibility":{"Private":false,"Hidden":false},"DisplayLogic":{"0":{"0":{"LogicType":"Question","QuestionID":"QID17","QuestionIsInLoop":"no","ChoiceLocator":"q:\/\/QID17\/SelectableChoice\/4","Operator":"Selected","QuestionIDFromLocator":"QID17","LeftOperand":"q:\/\/QID17\/SelectableChoice\/4","Type":"Expression","Description":"<span class=\"ConjDesc\">If<\/span> <span class=\"QuestionDesc\">Did you interact with (i.e. chat with to any extent) the bots after you signed up?<\/span> <span class=\"LeftOpDesc\">Yes<\/span> <span class=\"OpDesc\">Is Selected<\/span> "},"Type":"If"},"Type":"BooleanExpression","inPage":false}}},{"SurveyID":"SV_eJRT1I19FFCgDAh","Element":"SQ","PrimaryAttribute":"QID6","SecondaryAttribute":"How effective were the bots at alleviating your stress?","TertiaryAttribute":null,"Payload":{"QuestionText":"How effective were the bots at alleviating your stress?","DataExportTag":"Q6","QuestionType":"MC","Selector":"SAVR","SubSelector":"TX","Configuration":{"QuestionDescriptionOption":"UseText"},"QuestionDescription":"How effective were the bots at alleviating your stress?","Choices":{"1":{"Display":"Extremely effective"},"2":{"Display":"Very effective"},"3":{"Display":"Moderately effective"},"4":{"Display":"Slightly effective"},"5":{"Display":"Not effective at all"}},"ChoiceOrder":[1,2,3,4,5],"Validation":{"Settings":{"ForceResponse":"ON","ForceResponseType":"ON","Type":"None"}},"Language":[],"NextChoiceId":6,"NextAnswerId":1,"QuestionID":"QID6","DataVisibility":{"Private":false,"Hidden":false},"DisplayLogic":{"0":{"0":{"LogicType":"Question","QuestionID":"QID17","QuestionIsInLoop":"no","ChoiceLocator":"q:\/\/QID17\/SelectableChoice\/4","Operator":"Selected","QuestionIDFromLocator":"QID17","LeftOperand":"q:\/\/QID17\/SelectableChoice\/4","Type":"Expression","Description":"<span class=\"ConjDesc\">If<\/span> <span class=\"QuestionDesc\">Did you interact with (i.e. chat with to any extent) the bots after you signed up?<\/span> <span class=\"LeftOpDesc\">Yes<\/span> <span class=\"OpDesc\">Is Selected<\/span> "},"Type":"If"},"Type":"BooleanExpression","inPage":false}}},{"SurveyID":"SV_eJRT1I19FFCgDAh","Element":"SQ","PrimaryAttribute":"QID3","SecondaryAttribute":"How likely would you be to message the PopBots about your daily stress?","TertiaryAttribute":null,"Payload":{"QuestionText":"<span id=\"docs-internal-guid-7fbabc9a-7fff-dde4-aa17-d41d0e1567c5\"><p><span style=\"font-size: 11pt; font-family: Arial; background-color: transparent; font-variant-numeric: normal; font-variant-east-asian: normal; vertical-align: baseline; white-space: pre-wrap;\">How likely would you be to message the PopBots about your daily stress?<\/span><\/p><\/span>","DataExportTag":"Q3","QuestionType":"MC","Selector":"SAVR","SubSelector":"TX","Configuration":{"QuestionDescriptionOption":"UseText"},"QuestionDescription":"How likely would you be to message the PopBots about your daily stress?","Choices":{"1":{"Display":"Extremely likely"},"2":{"Display":"Moderately likely"},"3":{"Display":"Slightly likely"},"4":{"Display":"Neither likely nor unlikely"},"5":{"Display":"Slightly unlikely"},"6":{"Display":"Moderately unlikely"},"7":{"Display":"Extremely unlikely"}},"ChoiceOrder":["1","2","3","4","5","6","7"],"Validation":{"Settings":{"ForceResponse":"ON","ForceResponseType":"ON","Type":"None"}},"Language":[],"NextChoiceId":8,"NextAnswerId":1,"QuestionID":"QID3","DataVisibility":{"Private":false,"Hidden":false},"DisplayLogic":{"0":{"0":{"LogicType":"Question","QuestionID":"QID17","QuestionIsInLoop":"no","ChoiceLocator":"q:\/\/QID17\/SelectableChoice\/4","Operator":"Selected","QuestionIDFromLocator":"QID17","LeftOperand":"q:\/\/QID17\/SelectableChoice\/4","Type":"Expression","Description":"<span class=\"ConjDesc\">If<\/span> <span class=\"QuestionDesc\">Did you interact with (i.e. chat with to any extent) the bots after you signed up?<\/span> <span class=\"LeftOpDesc\">Yes<\/span> <span class=\"OpDesc\">Is Selected<\/span> "},"Type":"If"},"Type":"BooleanExpression","inPage":false}}},{"SurveyID":"SV_eJRT1I19FFCgDAh","Element":"SQ","PrimaryAttribute":"QID4","SecondaryAttribute":"How likely would you be to recommend the PopBots to someone else?","TertiaryAttribute":null,"Payload":{"QuestionText":"<span id=\"docs-internal-guid-f6fa3d0e-7fff-5be1-93c7-cf26bdce60b5\"><p><span style=\"font-size: 11pt; font-family: Arial; background-color: transparent; font-variant-numeric: normal; font-variant-east-asian: normal; vertical-align: baseline; white-space: pre-wrap;\">How likely would you be to recommend the PopBots to someone else?<\/span><\/p><\/span>","DataExportTag":"Q4","QuestionType":"MC","Selector":"SAVR","SubSelector":"TX","Configuration":{"QuestionDescriptionOption":"UseText"},"QuestionDescription":"How likely would you be to recommend the PopBots to someone else?","Choices":{"1":{"Display":"Extremely likely"},"2":{"Display":"Moderately likely"},"3":{"Display":"Slightly likely"},"4":{"Display":"Neither likely nor unlikely"},"5":{"Display":"Slightly unlikely"},"6":{"Display":"Moderately unlikely"},"7":{"Display":"Extremely unlikely"}},"ChoiceOrder":["1","2","3","4","5","6","7"],"Validation":{"Settings":{"ForceResponse":"ON","ForceResponseType":"ON","Type":"None"}},"Language":[],"NextChoiceId":8,"NextAnswerId":1,"QuestionID":"QID4","DataVisibility":{"Private":false,"Hidden":false},"DisplayLogic":{"0":{"0":{"LogicType":"Question","QuestionID":"QID17","QuestionIsInLoop":"no","ChoiceLocator":"q:\/\/QID17\/SelectableChoice\/4","Operator":"Selected","QuestionIDFromLocator":"QID17","LeftOperand":"q:\/\/QID17\/SelectableChoice\/4","Type":"Expression","Description":"<span class=\"ConjDesc\">If<\/span> <span class=\"QuestionDesc\">Did you interact with (i.e. chat with to any extent) the bots after you signed up?<\/span> <span class=\"LeftOpDesc\">Yes<\/span> <span class=\"OpDesc\">Is Selected<\/span> "},"Type":"If"},"Type":"BooleanExpression","inPage":false}}},{"SurveyID":"SV_eJRT1I19FFCgDAh","Element":"SQ","PrimaryAttribute":"QID1","SecondaryAttribute":"How was your overall experience with the PopBots? Please explain","TertiaryAttribute":null,"Payload":{"QuestionText":"How was your overall experience with the PopBots? Please explain","DefaultChoices":false,"DataExportTag":"Q1","QuestionType":"TE","Selector":"ML","Configuration":{"QuestionDescriptionOption":"UseText","AllowFreeResponse":"false"},"QuestionDescription":"How was your overall experience with the PopBots? Please explain","Validation":{"Settings":{"ForceResponse":"ON","ForceResponseType":"ON","Type":"None"}},"GradingData":[],"Language":[],"NextChoiceId":4,"NextAnswerId":1,"QuestionID":"QID1","DataVisibility":{"Private":false,"Hidden":false},"DisplayLogic":{"0":{"0":{"LogicType":"Question","QuestionID":"QID17","QuestionIsInLoop":"no","ChoiceLocator":"q:\/\/QID17\/SelectableChoice\/4","Operator":"Selected","QuestionIDFromLocator":"QID17","LeftOperand":"q:\/\/QID17\/SelectableChoice\/4","Type":"Expression","Description":"<span class=\"ConjDesc\">If<\/span> <span class=\"QuestionDesc\">Did you interact with (i.e. chat with to any extent) the bots after you signed up?<\/span> <span class=\"LeftOpDesc\">Yes<\/span> <span class=\"OpDesc\">Is Selected<\/span> "},"Type":"If"},"Type":"BooleanExpression","inPage":false},"SearchSource":{"AllowFreeResponse":"false"}}},{"SurveyID":"SV_eJRT1I19FFCgDAh","Element":"SQ","PrimaryAttribute":"QID16","SecondaryAttribute":"If you did not have the code referred to in the previous question, please explain why not.","TertiaryAttribute":null,"Payload":{"QuestionText":"If you did not have the code referred to in the previous question, please explain why not.","DefaultChoices":false,"DataExportTag":"Q16","QuestionType":"TE","Selector":"SL","Configuration":{"QuestionDescriptionOption":"UseText","AllowFreeResponse":"false"},"QuestionDescription":"If you did not have the code referred to in the previous question, please explain why not.","Validation":{"Settings":{"ForceResponse":"OFF","ForceResponseType":"ON","Type":"None"}},"GradingData":[],"Language":[],"NextChoiceId":4,"NextAnswerId":1,"QuestionID":"QID16"}},{"SurveyID":"SV_eJRT1I19FFCgDAh","Element":"SQ","PrimaryAttribute":"QID29","SecondaryAttribute":"In general, what time of the day did you normally use the bots? (Select all the apply)","TertiaryAttribute":null,"Payload":{"QuestionText":"In general, what time of the day did you normally use the bots? (Select all the apply)","DataExportTag":"Q29","QuestionType":"MC","Selector":"MAVR","SubSelector":"TX","Configuration":{"QuestionDescriptionOption":"UseText"},"QuestionDescription":"In general, what time of the day did you normally use the bots? (Select all the apply)","Choices":{"1":{"Display":"9am-12pm"},"2":{"Display":"12pm-3pm"},"3":{"Display":"3pm-6pm"},"4":{"Display":"6pm-9pm"},"5":{"Display":"9pm-12am"},"6":{"Display":"12am-3am"},"7":{"Display":"3am-6am"}},"ChoiceOrder":["1","2","3","4","5","6","7"],"Validation":{"Settings":{"ForceResponse":"ON","ForceResponseType":"ON","Type":"None"}},"Language":[],"NextChoiceId":8,"NextAnswerId":1,"QuestionID":"QID29","DataVisibility":{"Private":false,"Hidden":false},"DisplayLogic":{"0":{"0":{"LogicType":"Question","QuestionID":"QID17","QuestionIsInLoop":"no","ChoiceLocator":"q:\/\/QID17\/SelectableChoice\/4","Operator":"Selected","QuestionIDFromLocator":"QID17","LeftOperand":"q:\/\/QID17\/SelectableChoice\/4","Type":"Expression","Description":"<span class=\"ConjDesc\">If<\/span> <span class=\"QuestionDesc\">Did you interact with (i.e. chat with to any extent) the bots after you signed up?<\/span> <span class=\"LeftOpDesc\">Yes<\/span> <span class=\"OpDesc\">Is Selected<\/span> "},"Type":"If"},"Type":"BooleanExpression","inPage":false}}},{"SurveyID":"SV_eJRT1I19FFCgDAh","Element":"SQ","PrimaryAttribute":"QID28","SecondaryAttribute":"In general, when did you normally use the bots relative to a stressful event? (Select all the apply)","TertiaryAttribute":null,"Payload":{"QuestionText":"In general, when did you normally use the bots relative to a stressful event? (Select all the apply)","DefaultChoices":false,"DataExportTag":"Q28","QuestionID":"QID28","QuestionType":"MC","Selector":"MAVR","SubSelector":"TX","Configuration":{"QuestionDescriptionOption":"UseText"},"QuestionDescription":"In general, when did you normally use the bots relative to a stressful event? (Select all the apply)","Choices":{"4":{"Display":"Right after a stressful event"},"5":{"Display":"A few hours after a stressful event"},"6":{"Display":"Long after a stressful event"},"7":{"Display":"A few minutes after a stressful event"},"9":{"Display":"Other:","TextEntry":"true"}},"ChoiceOrder":["4","7","5","6","9"],"Validation":{"Settings":{"ForceResponse":"ON","ForceResponseType":"ON","Type":"None"}},"GradingData":[],"Language":[],"NextChoiceId":10,"NextAnswerId":1,"DataVisibility":{"Private":false,"Hidden":false},"DisplayLogic":{"0":{"0":{"LogicType":"Question","QuestionID":"QID17","QuestionIsInLoop":"no","ChoiceLocator":"q:\/\/QID17\/SelectableChoice\/4","Operator":"Selected","QuestionIDFromLocator":"QID17","LeftOperand":"q:\/\/QID17\/SelectableChoice\/4","Type":"Expression","Description":"<span class=\"ConjDesc\">If<\/span> <span class=\"QuestionDesc\">Did you interact with (i.e. chat with to any extent) the bots after you signed up?<\/span> <span class=\"LeftOpDesc\">Yes<\/span> <span class=\"OpDesc\">Is Selected<\/span> "},"Type":"If"},"Type":"BooleanExpression","inPage":false}}},{"SurveyID":"SV_eJRT1I19FFCgDAh","Element":"SQ","PrimaryAttribute":"QID30","SecondaryAttribute":"In general, when you used the bots, you were with ... (Select all the apply)","TertiaryAttribute":null,"Payload":{"QuestionText":"In general, when you used the bots, you were with ...&nbsp;(Select all the apply)","DefaultChoices":false,"DataExportTag":"Q30","QuestionID":"QID30","QuestionType":"MC","Selector":"MAVR","SubSelector":"TX","Configuration":{"QuestionDescriptionOption":"UseText"},"QuestionDescription":"In general, when you used the bots, you were with ... (Select all the apply)","Choices":{"1":{"Display":"Alone"},"2":{"Display":"Strangers"},"3":{"Display":"Friends and family"},"4":{"Display":"Other:","TextEntry":"true"}},"ChoiceOrder":["1","2","3","4"],"Validation":{"Settings":{"ForceResponse":"ON","ForceResponseType":"ON","Type":"None"}},"GradingData":[],"Language":[],"NextChoiceId":5,"NextAnswerId":1,"DataVisibility":{"Private":false,"Hidden":false},"DisplayLogic":{"0":{"0":{"LogicType":"Question","QuestionID":"QID17","QuestionIsInLoop":"no","ChoiceLocator":"q:\/\/QID17\/SelectableChoice\/4","Operator":"Selected","QuestionIDFromLocator":"QID17","LeftOperand":"q:\/\/QID17\/SelectableChoice\/4","Type":"Expression","Description":"<span class=\"ConjDesc\">If<\/span> <span class=\"QuestionDesc\">Did you interact with (i.e. chat with to any extent) the bots after you signed up?<\/span> <span class=\"LeftOpDesc\">Yes<\/span> <span class=\"OpDesc\">Is Selected<\/span> "},"Type":"If"},"Type":"BooleanExpression","inPage":false}}},{"SurveyID":"SV_eJRT1I19FFCgDAh","Element":"SQ","PrimaryAttribute":"QID33","SecondaryAttribute":"In general, when you used the bots, you were... (Select all the apply)","TertiaryAttribute":null,"Payload":{"QuestionText":"In general, when you used the bots, you were...&nbsp;(Select all the apply)","DataExportTag":"Q33","QuestionType":"MC","Selector":"MAVR","SubSelector":"TX","Configuration":{"QuestionDescriptionOption":"UseText"},"QuestionDescription":"In general, when you used the bots, you were... (Select all the apply)","Choices":{"1":{"Display":"At home"},"2":{"Display":"Commuting"},"3":{"Display":"At work"},"4":{"Display":"In bed"},"5":{"Display":"In the bathroom"},"6":{"Display":"Other:","TextEntry":"true"}},"ChoiceOrder":["4","5","1","2","3","6"],"Validation":{"Settings":{"ForceResponse":"ON","ForceResponseType":"ON","Type":"None"}},"Language":[],"NextChoiceId":7,"NextAnswerId":1,"QuestionID":"QID33","DataVisibility":{"Private":false,"Hidden":false},"DisplayLogic":{"0":{"0":{"LogicType":"Question","QuestionID":"QID17","QuestionIsInLoop":"no","ChoiceLocator":"q:\/\/QID17\/SelectableChoice\/4","Operator":"Selected","QuestionIDFromLocator":"QID17","LeftOperand":"q:\/\/QID17\/SelectableChoice\/4","Type":"Expression","Description":"<span class=\"ConjDesc\">If<\/span> <span class=\"QuestionDesc\">Did you interact with (i.e. chat with to any extent) the bots after you signed up?<\/span> <span class=\"LeftOpDesc\">Yes<\/span> <span class=\"OpDesc\">Is Selected<\/span> "},"Type":"If"},"Type":"BooleanExpression","inPage":false}}},{"SurveyID":"SV_eJRT1I19FFCgDAh","Element":"SQ","PrimaryAttribute":"QID40","SecondaryAttribute":"In one or two sentences, can you explain your previous bot assignments?","TertiaryAttribute":null,"Payload":{"QuestionText":"In one or two sentences, can you explain your previous bot assignments?","DefaultChoices":false,"DataExportTag":"Q40","QuestionID":"QID40","QuestionType":"TE","Selector":"ML","Configuration":{"QuestionDescriptionOption":"UseText"},"QuestionDescription":"In one or two sentences, can you explain your previous bot assignments?","Validation":{"Settings":{"ForceResponse":"ON","ForceResponseType":"ON","Type":"None"}},"GradingData":[],"Language":[],"NextChoiceId":4,"NextAnswerId":1,"SearchSource":{"AllowFreeResponse":"false"},"DataVisibility":{"Private":false,"Hidden":false},"DisplayLogic":{"0":{"0":{"LogicType":"Question","QuestionID":"QID17","QuestionIsInLoop":"no","ChoiceLocator":"q:\/\/QID17\/SelectableChoice\/4","Operator":"Selected","QuestionIDFromLocator":"QID17","LeftOperand":"q:\/\/QID17\/SelectableChoice\/4","Type":"Expression","Description":"<span class=\"ConjDesc\">If<\/span> <span class=\"QuestionDesc\">Did you interact with (i.e. chat with to any extent) the bots after you signed up?<\/span> <span class=\"LeftOpDesc\">Yes<\/span> <span class=\"OpDesc\">Is Selected<\/span> "},"Type":"If"},"Type":"BooleanExpression","inPage":false}}},{"SurveyID":"SV_eJRT1I19FFCgDAh","Element":"SQ","PrimaryAttribute":"QID41","SecondaryAttribute":"In one or two sentences, can you explain your previous rankings?","TertiaryAttribute":null,"Payload":{"QuestionText":"In one or two sentences, can you explain your previous rankings?","DefaultChoices":false,"DataExportTag":"Q41","QuestionType":"TE","Selector":"ML","Configuration":{"QuestionDescriptionOption":"UseText"},"QuestionDescription":"In one or two sentences, can you explain your previous rankings?","Validation":{"Settings":{"ForceResponse":"ON","ForceResponseType":"ON","Type":"None"}},"GradingData":[],"Language":[],"NextChoiceId":4,"NextAnswerId":1,"SearchSource":{"AllowFreeResponse":"false"},"QuestionID":"QID41","DataVisibility":{"Private":false,"Hidden":false}}},{"SurveyID":"SV_eJRT1I19FFCgDAh","Element":"SQ","PrimaryAttribute":"QID44","SecondaryAttribute":"In one or two sentences, can you explain your previous rankings?","TertiaryAttribute":null,"Payload":{"QuestionText":"In one or two sentences, can you explain your previous rankings?","DefaultChoices":false,"DataExportTag":"Q44","QuestionType":"TE","Selector":"ML","DataVisibility":{"Private":false,"Hidden":false},"Configuration":{"QuestionDescriptionOption":"UseText"},"QuestionDescription":"In one or two sentences, can you explain your previous rankings?","Validation":{"Settings":{"ForceResponse":"ON","ForceResponseType":"ON","Type":"None"}},"GradingData":[],"Language":[],"NextChoiceId":4,"NextAnswerId":1,"SearchSource":{"AllowFreeResponse":"false"},"QuestionID":"QID44"}},{"SurveyID":"SV_eJRT1I19FFCgDAh","Element":"SQ","PrimaryAttribute":"QID25","SecondaryAttribute":"Over the last week, how often have you been bothered by the following problems?","TertiaryAttribute":null,"Payload":{"QuestionText":"Over the last week, how often have you been bothered by the following problems?","DefaultChoices":false,"DataExportTag":"Q25","QuestionID":"QID25","QuestionType":"Matrix","Selector":"Likert","SubSelector":"SingleAnswer","Configuration":{"QuestionDescriptionOption":"UseText","TextPosition":"inline","ChoiceColumnWidth":25,"RepeatHeaders":"none","WhiteSpace":"OFF","MobileFirst":true},"QuestionDescription":"Over the last week, how often have you been bothered by the following problems?","Choices":{"1":{"Display":"Feeling nervous, anxious or on edge"},"2":{"Display":"Not being able to stop or control worrying"},"3":{"Display":"Feeling down, depressed or hopeless"},"4":{"Display":"Little interest or pleasure in doing things"}},"ChoiceOrder":["1","2","3","4"],"Validation":{"Settings":{"ForceResponse":"ON","ForceResponseType":"ON","Type":"None"}},"GradingData":[],"Language":[],"NextChoiceId":5,"NextAnswerId":5,"Answers":{"1":{"Display":"Not at all"},"2":{"Display":"Several days"},"3":{"Display":"More than half the days"},"4":{"Display":"Nearly every day"}},"AnswerOrder":["1","2","3","4"],"ChoiceDataExportTags":false,"DataVisibility":{"Private":false,"Hidden":false}}},{"SurveyID":"SV_eJRT1I19FFCgDAh","Element":"SQ","PrimaryAttribute":"QID14","SecondaryAttribute":"Please enter the 5-digit code that was provided to you in your pre-pilot survey. Note that the co...","TertiaryAttribute":null,"Payload":{"QuestionText":"Please enter the 5-digit code that was provided to you in your pre-pilot survey. Note that the code you enter must match the code you were provided in order for you to receive compensation. If you do not have a code, please type 'n\/a'.","DefaultChoices":false,"DataExportTag":"Q14","QuestionID":"QID14","QuestionType":"TE","Selector":"SL","DataVisibility":{"Private":false,"Hidden":false},"Configuration":{"QuestionDescriptionOption":"UseText","AllowFreeResponse":"false"},"QuestionDescription":"Please enter the 5-digit code that was provided to you in your pre-pilot survey. Note that the co...","Validation":{"Settings":{"ForceResponse":"ON","ForceResponseType":"ON","Type":"None"}},"GradingData":[],"Language":[],"NextChoiceId":4,"NextAnswerId":1}},{"SurveyID":"SV_eJRT1I19FFCgDAh","Element":"SQ","PrimaryAttribute":"QID20","SecondaryAttribute":"Please enter your email address. (i.e., the one you used to register for the study)","TertiaryAttribute":null,"Payload":{"QuestionText":"Please enter your email address.&nbsp;(i.e., the one you used to register for the study)","DefaultChoices":false,"DataExportTag":"Q20","QuestionType":"TE","Selector":"SL","Configuration":{"QuestionDescriptionOption":"UseText","AllowFreeResponse":"false"},"QuestionDescription":"Please enter your email address. (i.e., the one you used to register for the study)","Validation":{"Settings":{"ForceResponse":"ON","ForceResponseType":"ON","Type":"ContentType","ContentType":"ValidEmail","ValidDateType":"DateWithFormat","ValidPhoneType":"ValidUSPhone","ValidZipType":"ValidUSZip"}},"GradingData":[],"Language":[],"NextChoiceId":4,"NextAnswerId":1,"QuestionID":"QID20","DataVisibility":{"Private":false,"Hidden":false}}},{"SurveyID":"SV_eJRT1I19FFCgDAh","Element":"SQ","PrimaryAttribute":"QID21","SecondaryAttribute":"Please explain","TertiaryAttribute":null,"Payload":{"QuestionText":"Please explain","DataExportTag":"Q21","QuestionType":"MC","Selector":"SAVR","SubSelector":"TX","Configuration":{"QuestionDescriptionOption":"UseText"},"QuestionDescription":"Please explain","Choices":{"1":{"Display":"Click to write Choice 1"},"2":{"Display":"Click to write Choice 2"},"3":{"Display":"Click to write Choice 3"}},"ChoiceOrder":["1","2","3"],"Validation":{"Settings":{"ForceResponse":"OFF","ForceResponseType":"ON","Type":"None"}},"Language":[],"NextChoiceId":4,"NextAnswerId":1,"QuestionID":"QID21"}},{"SurveyID":"SV_eJRT1I19FFCgDAh","Element":"SQ","PrimaryAttribute":"QID22","SecondaryAttribute":"Please explain your previous rating.","TertiaryAttribute":null,"Payload":{"QuestionText":"Please explain your previous rating.","DefaultChoices":false,"DataExportTag":"Q22","QuestionType":"TE","Selector":"ML","Configuration":{"QuestionDescriptionOption":"UseText","AllowFreeResponse":"false"},"QuestionDescription":"Please explain your previous rating.","Validation":{"Settings":{"ForceResponse":"ON","ForceResponseType":"ON","Type":"None"}},"GradingData":[],"Language":[],"NextChoiceId":4,"NextAnswerId":1,"QuestionID":"QID22","DataVisibility":{"Private":false,"Hidden":false},"SearchSource":{"AllowFreeResponse":"false"},"DisplayLogic":{"0":{"0":{"LogicType":"Question","QuestionID":"QID17","QuestionIsInLoop":"no","ChoiceLocator":"q:\/\/QID17\/SelectableChoice\/4","Operator":"Selected","QuestionIDFromLocator":"QID17","LeftOperand":"q:\/\/QID17\/SelectableChoice\/4","Type":"Expression","Description":"<span class=\"ConjDesc\">If<\/span> <span class=\"QuestionDesc\">Did you interact with (i.e. chat with to any extent) the bots after you signed up?<\/span> <span class=\"LeftOpDesc\">Yes<\/span> <span class=\"OpDesc\">Is Selected<\/span> "},"Type":"If"},"Type":"BooleanExpression","inPage":false}}},{"SurveyID":"SV_eJRT1I19FFCgDAh","Element":"SQ","PrimaryAttribute":"QID39","SecondaryAttribute":"Please rank the severity of each stressor from most to least stressful.","TertiaryAttribute":null,"Payload":{"QuestionText":"Please rank the severity of each stressor from most to least stressful.","DefaultChoices":false,"DataExportTag":"Q40","QuestionType":"RO","Selector":"DND","SubSelector":"TX","Configuration":{"QuestionDescriptionOption":"UseText"},"QuestionDescription":"Please rank the severity of each stressor from most to least stressful.","Choices":{"1":{"Display":"Illness or Injury"},"4":{"Display":"Anxiety about an exam"},"5":{"Display":"Heavy workload"},"6":{"Display":"Project\/Work Deadline"},"7":{"Display":"Conflict between family members"},"8":{"Display":"Sexuality and Identity"},"9":{"Display":"Loneliness and Social isolation"},"10":{"Display":"Financial stress"},"11":{"Display":"Conflict with a coworker"},"12":{"Display":"Relationship (romantic) stress"},"13":{"Display":"Job search\/Post-graduate stress"},"14":{"Display":"Vacation\/Break related stress"},"15":{"Display":"Everyday stressors (e.g. deciding what to eat for dinner)"}},"ChoiceOrder":["1","4","5","6","7","8","9","10","11","12","13","14","15"],"Validation":{"Settings":{"ForceResponse":"ON","Type":"None"}},"GradingData":[],"Language":[],"NextChoiceId":16,"NextAnswerId":4,"QuestionID":"QID39","DataVisibility":{"Private":false,"Hidden":false}}},{"SurveyID":"SV_eJRT1I19FFCgDAh","Element":"SQ","PrimaryAttribute":"QID43","SecondaryAttribute":"Please rank the severity of each stressor from most to least stressful.","TertiaryAttribute":null,"Payload":{"QuestionText":"Please rank the severity of each stressor from most to least stressful.","DefaultChoices":false,"DataExportTag":"Q43","QuestionType":"RO","Selector":"DND","SubSelector":"TX","DataVisibility":{"Private":false,"Hidden":false},"Configuration":{"QuestionDescriptionOption":"UseText"},"QuestionDescription":"Please rank the severity of each stressor from most to least stressful.","Choices":{"1":{"Display":"Illness or Injury"},"4":{"Display":"Anxiety about an exam"},"5":{"Display":"Heavy workload"},"6":{"Display":"Project\/Work Deadline"},"7":{"Display":"Conflict between family members"},"8":{"Display":"Sexuality and Identity"},"9":{"Display":"Loneliness and Social isolation"},"10":{"Display":"Financial stress"},"11":{"Display":"Conflict with a coworker"},"12":{"Display":"Relationship (romantic) stress"},"13":{"Display":"Job search\/Post-graduate stress"},"14":{"Display":"Vacation\/Break related stress"},"15":{"Display":"Everyday stressors (e.g. deciding what to eat for dinner)"}},"ChoiceOrder":["1","4","5","6","7","8","9","10","11","12","13","14","15"],"Validation":{"Settings":{"ForceResponse":"ON","Type":"None"}},"GradingData":[],"Language":[],"NextChoiceId":16,"NextAnswerId":4,"QuestionID":"QID43"}},{"SurveyID":"SV_eJRT1I19FFCgDAh","Element":"SQ","PrimaryAttribute":"QID2","SecondaryAttribute":"Thank you for completing our pilot study.\u00a0 In this final survey, we will ask you about your overa..","TertiaryAttribute":null,"Payload":{"QuestionText":"Thank you for completing our pilot study.&nbsp;<div><br><div>In this final survey, we will ask you about your overall impressions of and experiences with interacting with our PopBots. Please feel free to open Telegram and refer to your conversations if that helps you better answer these questions.<\/div><\/div>","DefaultChoices":false,"DataExportTag":"Q2","QuestionType":"DB","Selector":"TB","Configuration":{"QuestionDescriptionOption":"UseText"},"QuestionDescription":"Thank you for completing our pilot study.\u00a0 In this final survey, we will ask you about your overa...","ChoiceOrder":[],"Validation":{"Settings":{"Type":"None"}},"GradingData":[],"Language":[],"NextChoiceId":4,"NextAnswerId":1,"QuestionID":"QID2","DataVisibility":{"Private":false,"Hidden":false}}},{"SurveyID":"SV_eJRT1I19FFCgDAh","Element":"SQ","PrimaryAttribute":"QID24","SecondaryAttribute":"Thinking about your past week, how much stress did you feel on a daily basis?","TertiaryAttribute":null,"Payload":{"QuestionText":"Thinking about your past week, how much stress did you feel on a daily basis?","DataExportTag":"Q24","QuestionType":"MC","Selector":"SAVR","SubSelector":"TX","Configuration":{"QuestionDescriptionOption":"UseText"},"QuestionDescription":"Thinking about your past week, how much stress did you feel on a daily basis?","Choices":{"16":{"Display":"A great deal"},"17":{"Display":"A lot"},"18":{"Display":"A moderate amount"},"19":{"Display":"A little"},"20":{"Display":"None at all"}},"ChoiceOrder":["16","17","18","19","20"],"Validation":{"Settings":{"ForceResponse":"ON","ForceResponseType":"ON","Type":"None"}},"Language":[],"NextChoiceId":21,"NextAnswerId":1,"QuestionID":"QID24","DataVisibility":{"Private":false,"Hidden":false}}},{"SurveyID":"SV_eJRT1I19FFCgDAh","Element":"SQ","PrimaryAttribute":"QID15","SecondaryAttribute":"Timing","TertiaryAttribute":null,"Payload":{"QuestionText":"Timing","DefaultChoices":false,"DataExportTag":"Q15","QuestionType":"Timing","Selector":"PageTimer","Configuration":{"QuestionDescriptionOption":"UseText","MinSeconds":"0","MaxSeconds":"0"},"QuestionDescription":"Timing","Choices":{"1":{"Display":"First Click"},"2":{"Display":"Last Click"},"3":{"Display":"Page Submit"},"4":{"Display":"Click Count"}},"GradingData":[],"Language":[],"NextChoiceId":16,"NextAnswerId":1,"QuestionID":"QID15"}},{"SurveyID":"SV_eJRT1I19FFCgDAh","Element":"SQ","PrimaryAttribute":"QID9","SecondaryAttribute":"What did you think about the design (or interactions with) of the individual bots?","TertiaryAttribute":null,"Payload":{"QuestionText":"<span id=\"docs-internal-guid-4b42a061-7fff-17b3-92c1-f3698873221e\"><p><span style=\"font-size: 11pt; font-family: Arial; background-color: transparent; font-variant-numeric: normal; font-variant-east-asian: normal; vertical-align: baseline; white-space: pre-wrap;\">What did you think about the design (or interactions with) of the individual bots?<\/span><\/p><\/span>","DefaultChoices":false,"DataExportTag":"Q9","QuestionType":"TE","Selector":"ML","Configuration":{"QuestionDescriptionOption":"UseText","AllowFreeResponse":"false"},"QuestionDescription":"What did you think about the design (or interactions with) of the individual bots?","Validation":{"Settings":{"ForceResponse":"ON","ForceResponseType":"ON","Type":"None"}},"GradingData":[],"Language":[],"NextChoiceId":4,"NextAnswerId":1,"QuestionID":"QID9","DataVisibility":{"Private":false,"Hidden":false},"DisplayLogic":{"0":{"0":{"LogicType":"Question","QuestionID":"QID17","QuestionIsInLoop":"no","ChoiceLocator":"q:\/\/QID17\/SelectableChoice\/4","Operator":"Selected","QuestionIDFromLocator":"QID17","LeftOperand":"q:\/\/QID17\/SelectableChoice\/4","Type":"Expression","Description":"<span class=\"ConjDesc\">If<\/span> <span class=\"QuestionDesc\">Did you interact with (i.e. chat with to any extent) the bots after you signed up?<\/span> <span class=\"LeftOpDesc\">Yes<\/span> <span class=\"OpDesc\">Is Selected<\/span> "},"Type":"If"},"Type":"BooleanExpression","inPage":false},"SearchSource":{"AllowFreeResponse":"false"}}},{"SurveyID":"SV_eJRT1I19FFCgDAh","Element":"SQ","PrimaryAttribute":"QID23","SecondaryAttribute":"What did you think about the overall structure of having multiple bots to talk to?","TertiaryAttribute":null,"Payload":{"QuestionText":"<span style=\"font-family: Arial; font-size: 14.6667px; white-space: pre-wrap;\">What did you think about the overall structure of having multiple bots to talk to?<\/span>","DefaultChoices":false,"DataExportTag":"Q23","QuestionType":"TE","Selector":"ML","Configuration":{"QuestionDescriptionOption":"UseText","AllowFreeResponse":"false"},"QuestionDescription":"What did you think about the overall structure of having multiple bots to talk to?","Validation":{"Settings":{"ForceResponse":"ON","ForceResponseType":"ON","Type":"None"}},"GradingData":[],"Language":[],"NextChoiceId":4,"NextAnswerId":1,"QuestionID":"QID23","DataVisibility":{"Private":false,"Hidden":false},"SearchSource":{"AllowFreeResponse":"false"},"DisplayLogic":{"0":{"0":{"LogicType":"Question","QuestionID":"QID17","QuestionIsInLoop":"no","ChoiceLocator":"q:\/\/QID17\/SelectableChoice\/4","Operator":"Selected","QuestionIDFromLocator":"QID17","LeftOperand":"q:\/\/QID17\/SelectableChoice\/4","Type":"Expression","Description":"<span class=\"ConjDesc\">If<\/span> <span class=\"QuestionDesc\">Did you interact with (i.e. chat with to any extent) the bots after you signed up?<\/span> <span class=\"LeftOpDesc\">Yes<\/span> <span class=\"OpDesc\">Is Selected<\/span> "},"Type":"If"},"Type":"BooleanExpression","inPage":false}}},{"SurveyID":"SV_eJRT1I19FFCgDAh","Element":"SQ","PrimaryAttribute":"QID13","SecondaryAttribute":"What were your thoughts on your selection above (choice vs. random assignment)? Was this effectiv...","TertiaryAttribute":null,"Payload":{"QuestionText":"<span id=\"docs-internal-guid-001e8a8c-7fff-115b-fb4b-2864324712d1\"><span style=\"font-size: 11pt; font-family: Arial; color: rgb(0, 0, 0); background-color: transparent; font-variant-numeric: normal; font-variant-east-asian: normal; vertical-align: baseline; white-space: pre-wrap;\">What were your thoughts on your selection above (choice vs. random assignment)? Was this effective, or would you have preferred the other option? Why?<\/span><\/span>","DefaultChoices":false,"DataExportTag":"Q13","QuestionType":"TE","Selector":"ML","Configuration":{"QuestionDescriptionOption":"UseText","AllowFreeResponse":"false"},"QuestionDescription":"What were your thoughts on your selection above (choice vs. random assignment)? Was this effectiv...","Validation":{"Settings":{"ForceResponse":"ON","ForceResponseType":"ON","Type":"None"}},"GradingData":[],"Language":[],"NextChoiceId":4,"NextAnswerId":1,"QuestionID":"QID13","DataVisibility":{"Private":false,"Hidden":false}}},{"SurveyID":"SV_eJRT1I19FFCgDAh","Element":"SQ","PrimaryAttribute":"QID18","SecondaryAttribute":"Why did you choose not to interact with the bots after you signed up?","TertiaryAttribute":null,"Payload":{"QuestionText":"Why did you choose not to interact with the bots after you signed up?","DefaultChoices":false,"DataExportTag":"Q18","QuestionType":"TE","Selector":"ESTB","Configuration":{"QuestionDescriptionOption":"UseText","AllowFreeResponse":"false"},"QuestionDescription":"Why did you choose not to interact with the bots after you signed up?","Validation":{"Settings":{"ForceResponse":"ON","ForceResponseType":"ON","Type":"None"}},"GradingData":[],"Language":[],"NextChoiceId":4,"NextAnswerId":1,"QuestionID":"QID18","DataVisibility":{"Private":false,"Hidden":false},"DisplayLogic":{"0":{"0":{"LogicType":"Question","QuestionID":"QID17","QuestionIsInLoop":"no","ChoiceLocator":"q:\/\/QID17\/SelectableChoice\/5","Operator":"Selected","QuestionIDFromLocator":"QID17","LeftOperand":"q:\/\/QID17\/SelectableChoice\/5","Type":"Expression","Description":"<span class=\"ConjDesc\">If<\/span> <span class=\"QuestionDesc\">Did you interact with (i.e. chat with to any extent) the bots after you signed up?<\/span> <span class=\"LeftOpDesc\">No<\/span> <span class=\"OpDesc\">Is Selected<\/span> "},"Type":"If"},"Type":"BooleanExpression","inPage":false},"SearchSource":{"AllowFreeResponse":"false"}}},{"SurveyID":"SV_eJRT1I19FFCgDAh","Element":"SQ","PrimaryAttribute":"QID31","SecondaryAttribute":"Why? (Please explain your previous answer.)","TertiaryAttribute":null,"Payload":{"QuestionText":"Why? (Please explain your previous answer.)","DefaultChoices":false,"DataExportTag":"Q31","QuestionType":"TE","Selector":"ML","Configuration":{"QuestionDescriptionOption":"UseText","AllowFreeResponse":"false"},"QuestionDescription":"Why? (Please explain your previous answer.)","Validation":{"Settings":{"ForceResponse":"ON","ForceResponseType":"ON","Type":"None"}},"GradingData":[],"Language":[],"NextChoiceId":4,"NextAnswerId":1,"QuestionID":"QID31","DataVisibility":{"Private":false,"Hidden":false},"DisplayLogic":{"0":{"0":{"LogicType":"Question","QuestionID":"QID17","QuestionIsInLoop":"no","ChoiceLocator":"q:\/\/QID17\/SelectableChoice\/4","Operator":"Selected","QuestionIDFromLocator":"QID17","LeftOperand":"q:\/\/QID17\/SelectableChoice\/4","Type":"Expression","Description":"<span class=\"ConjDesc\">If<\/span> <span class=\"QuestionDesc\">Did you interact with (i.e. chat with to any extent) the bots after you signed up?<\/span> <span class=\"LeftOpDesc\">Yes<\/span> <span class=\"OpDesc\">Is Selected<\/span> "},"Type":"If"},"Type":"BooleanExpression","inPage":false},"SearchSource":{"AllowFreeResponse":"false"}}},{"SurveyID":"SV_eJRT1I19FFCgDAh","Element":"SQ","PrimaryAttribute":"QID32","SecondaryAttribute":"Why? (Please explain your previous answer.)","TertiaryAttribute":null,"Payload":{"QuestionText":"Why? (Please explain your previous answer.)","DefaultChoices":false,"DataExportTag":"Q32","QuestionID":"QID32","QuestionType":"TE","Selector":"ML","Configuration":{"QuestionDescriptionOption":"UseText","AllowFreeResponse":"false"},"QuestionDescription":"Why? (Please explain your previous answer.)","Validation":{"Settings":{"ForceResponse":"ON","ForceResponseType":"ON","Type":"None"}},"GradingData":[],"Language":[],"NextChoiceId":4,"NextAnswerId":1,"DataVisibility":{"Private":false,"Hidden":false},"DisplayLogic":{"0":{"0":{"LogicType":"Question","QuestionID":"QID17","QuestionIsInLoop":"no","ChoiceLocator":"q:\/\/QID17\/SelectableChoice\/4","Operator":"Selected","QuestionIDFromLocator":"QID17","LeftOperand":"q:\/\/QID17\/SelectableChoice\/4","Type":"Expression","Description":"<span class=\"ConjDesc\">If<\/span> <span class=\"QuestionDesc\">Did you interact with (i.e. chat with to any extent) the bots after you signed up?<\/span> <span class=\"LeftOpDesc\">Yes<\/span> <span class=\"OpDesc\">Is Selected<\/span> "},"Type":"If"},"Type":"BooleanExpression","inPage":false},"SearchSource":{"AllowFreeResponse":"false"}}},{"SurveyID":"SV_eJRT1I19FFCgDAh","Element":"SQ","PrimaryAttribute":"QID34","SecondaryAttribute":"Why? (Please explain your previous answer.)","TertiaryAttribute":null,"Payload":{"QuestionText":"Why? (Please explain your previous answer.)","DefaultChoices":false,"DataExportTag":"Q34","QuestionID":"QID34","QuestionType":"TE","Selector":"ML","Configuration":{"QuestionDescriptionOption":"UseText","AllowFreeResponse":"false"},"QuestionDescription":"Why? (Please explain your previous answer.)","Validation":{"Settings":{"ForceResponse":"ON","ForceResponseType":"ON","Type":"None"}},"GradingData":[],"Language":[],"NextChoiceId":4,"NextAnswerId":1,"DataVisibility":{"Private":false,"Hidden":false},"SearchSource":{"AllowFreeResponse":"false"},"DisplayLogic":{"0":{"0":{"LogicType":"Question","QuestionID":"QID17","QuestionIsInLoop":"no","ChoiceLocator":"q:\/\/QID17\/SelectableChoice\/4","Operator":"Selected","QuestionIDFromLocator":"QID17","LeftOperand":"q:\/\/QID17\/SelectableChoice\/4","Type":"Expression","Description":"<span class=\"ConjDesc\">If<\/span> <span class=\"QuestionDesc\">Did you interact with (i.e. chat with to any extent) the bots after you signed up?<\/span> <span class=\"LeftOpDesc\">Yes<\/span> <span class=\"OpDesc\">Is Selected<\/span> "},"Type":"If"},"Type":"BooleanExpression","inPage":false}}},{"SurveyID":"SV_eJRT1I19FFCgDAh","Element":"SQ","PrimaryAttribute":"QID35","SecondaryAttribute":"Why? (Please explain your previous answer.)","TertiaryAttribute":null,"Payload":{"QuestionText":"Why? (Please explain your previous answer.)","DefaultChoices":false,"DataExportTag":"Q35","QuestionID":"QID35","QuestionType":"TE","Selector":"ML","Configuration":{"QuestionDescriptionOption":"UseText","AllowFreeResponse":"false","InputWidth":580,"InputHeight":29},"QuestionDescription":"Why? (Please explain your previous answer.)","Validation":{"Settings":{"ForceResponse":"ON","ForceResponseType":"ON","Type":"None"}},"GradingData":[],"Language":[],"NextChoiceId":4,"NextAnswerId":1,"DataVisibility":{"Private":false,"Hidden":false},"SearchSource":{"AllowFreeResponse":"false"},"DisplayLogic":{"0":{"0":{"LogicType":"Question","QuestionID":"QID17","QuestionIsInLoop":"no","ChoiceLocator":"q:\/\/QID17\/SelectableChoice\/4","Operator":"Selected","QuestionIDFromLocator":"QID17","LeftOperand":"q:\/\/QID17\/SelectableChoice\/4","Type":"Expression","Description":"<span class=\"ConjDesc\">If<\/span> <span class=\"QuestionDesc\">Did you interact with (i.e. chat with to any extent) the bots after you signed up?<\/span> <span class=\"LeftOpDesc\">Yes<\/span> <span class=\"OpDesc\">Is Selected<\/span> "},"Type":"If"},"Type":"BooleanExpression","inPage":false}}},{"SurveyID":"SV_eJRT1I19FFCgDAh","Element":"SQ","PrimaryAttribute":"QID42","SecondaryAttribute":"Would you be interested in being contacted for a follow-up interview about your experience with t...","TertiaryAttribute":null,"Payload":{"QuestionText":"Would you be interested in being contacted for a follow-up interview about your experience with the Popbots?","DataExportTag":"Q42","QuestionType":"MC","Selector":"SAVR","SubSelector":"TX","Configuration":{"QuestionDescriptionOption":"UseText"},"QuestionDescription":"Would you be interested in being contacted for a follow-up interview about your experience with t...","Choices":{"1":{"Display":"Yes"},"2":{"Display":"No"}},"ChoiceOrder":["1","2"],"Validation":{"Settings":{"ForceResponse":"ON","ForceResponseType":"ON","Type":"None"}},"Language":[],"NextChoiceId":4,"NextAnswerId":1,"QuestionID":"QID42","DataVisibility":{"Private":false,"Hidden":false}}}]}