{"SurveyEntry":{"SurveyID":"SV_aaWggWWTJZ5IYN7","SurveyName":"PopBots July 2020 Pilot - Daily Feedback","SurveyDescription":null,"SurveyOwnerID":"UR_1ZCVV1YyhXBpxop","SurveyBrandID":"stanforduniversity","DivisionID":null,"SurveyLanguage":"EN","SurveyActiveResponseSet":"RS_bpgKjm2ScG8Kcg5","SurveyStatus":"Active","SurveyStartDate":"0000-00-00 00:00:00","SurveyExpirationDate":"0000-00-00 00:00:00","SurveyCreationDate":"2020-05-29 07:01:41","CreatorID":"UR_1ZCVV1YyhXBpxop","LastModified":"2020-09-27 14:06:12","LastAccessed":"0000-00-00 00:00:00","LastActivated":"2020-05-29 07:02:09","Deleted":null},"SurveyElements":[{"SurveyID":"SV_aaWggWWTJZ5IYN7","Element":"BL","PrimaryAttribute":"Survey Blocks","SecondaryAttribute":null,"TertiaryAttribute":null,"Payload":[{"Type":"Default","Description":"Default Question Block","ID":"BL_9Y8HQ5i4AwsWylT","BlockElements":[{"Type":"Question","QuestionID":"QID80"},{"Type":"Page Break"},{"Type":"Question","QuestionID":"QID99"},{"Type":"Question","QuestionID":"QID90"},{"Type":"Question","QuestionID":"QID89"},{"Type":"Question","QuestionID":"QID91"},{"Type":"Question","QuestionID":"QID94"}],"Options":{"BlockLocking":"false","RandomizeQuestions":"false","BlockVisibility":"Expanded"}},{"Type":"Trash","Description":"Trash \/ Unused Questions","ID":"BL_bEjg5SjPB38pbXT","BlockElements":[{"Type":"Question","QuestionID":"QID88"},{"Type":"Question","QuestionID":"QID92"},{"Type":"Question","QuestionID":"QID83"},{"Type":"Question","QuestionID":"QID87"},{"Type":"Question","QuestionID":"QID84"},{"Type":"Question","QuestionID":"QID86"},{"Type":"Question","QuestionID":"QID85"},{"Type":"Question","QuestionID":"QID82"},{"Type":"Question","QuestionID":"QID93"},{"Type":"Question","QuestionID":"QID95"},{"Type":"Question","QuestionID":"QID96"},{"Type":"Question","QuestionID":"QID97"},{"Type":"Question","QuestionID":"QID98"}]}]},{"SurveyID":"SV_aaWggWWTJZ5IYN7","Element":"FL","PrimaryAttribute":"Survey Flow","SecondaryAttribute":null,"TertiaryAttribute":null,"Payload":{"Type":"Root","FlowID":"FL_1","Flow":[{"Type":"EmbeddedData","FlowID":"FL_3","EmbeddedData":[{"Description":"snb","Type":"Recipient","Field":"snb","VariableType":"String","DataVisibility":[],"AnalyzeText":false},{"Description":"rdate","Type":"Recipient","Field":"rdate","VariableType":"String","DataVisibility":[],"AnalyzeText":false},{"Description":"hid","Type":"Recipient","Field":"hid","VariableType":"String","DataVisibility":[],"AnalyzeText":false},{"Description":"Create New Field or Choose From Dropdown...","Type":"Recipient","Field":"Create New Field or Choose From Dropdown...","VariableType":"String","DataVisibility":[],"AnalyzeText":false}]},{"Type":"Block","ID":"BL_9Y8HQ5i4AwsWylT","FlowID":"FL_2"}],"Properties":{"Count":4,"RemovedFieldsets":[]}}},{"SurveyID":"SV_aaWggWWTJZ5IYN7","Element":"SO","PrimaryAttribute":"Survey Options","SecondaryAttribute":null,"TertiaryAttribute":null,"Payload":{"BackButton":"false","SaveAndContinue":"true","SurveyProtection":"PublicSurvey","BallotBoxStuffingPrevention":"false","NoIndex":"Yes","SecureResponseFiles":"true","SurveyExpiration":"None","SurveyTermination":"DefaultMessage","Header":"","Footer":"","ProgressBarDisplay":"None","PartialData":"+1 week","ValidationMessage":"","PreviousButton":" \u2190 ","NextButton":" \u2192 ","SkinLibrary":"stanforduniversity","SkinType":"MQ","Skin":"stanforduniversity3_new_update","NewScoring":1,"ProtectSelectionIds":true,"SurveyTitle":"Online Survey Software | Qualtrics Survey Solutions","SurveyName":"PopBots July 2020 Pilot - Daily Feedback"}},{"SurveyID":"SV_aaWggWWTJZ5IYN7","Element":"SCO","PrimaryAttribute":"Scoring","SecondaryAttribute":null,"TertiaryAttribute":null,"Payload":{"ScoringCategories":[],"ScoringCategoryGroups":[],"ScoringSummaryCategory":null,"ScoringSummaryAfterQuestions":0,"ScoringSummaryAfterSurvey":0,"DefaultScoringCategory":null,"AutoScoringCategory":null}},{"SurveyID":"SV_aaWggWWTJZ5IYN7","Element":"PROJ","PrimaryAttribute":"CORE","SecondaryAttribute":null,"TertiaryAttribute":"1.1.0","Payload":{"ProjectCategory":"CORE","SchemaVersion":"1.1.0"}},{"SurveyID":"SV_aaWggWWTJZ5IYN7","Element":"STAT","PrimaryAttribute":"Survey Statistics","SecondaryAttribute":null,"TertiaryAttribute":null,"Payload":{"MobileCompatible":true,"ID":"Survey Statistics"}},{"SurveyID":"SV_aaWggWWTJZ5IYN7","Element":"QC","PrimaryAttribute":"Survey Question Count","SecondaryAttribute":"99","TertiaryAttribute":null,"Payload":null},{"SurveyID":"SV_aaWggWWTJZ5IYN7","Element":"SQ","PrimaryAttribute":"QID93","SecondaryAttribute":"Click to write the question text","TertiaryAttribute":null,"Payload":{"QuestionText":"Click to write the question text","DataExportTag":"Q13","QuestionType":"MC","Selector":"SAVR","SubSelector":"TX","Configuration":{"QuestionDescriptionOption":"UseText"},"QuestionDescription":"Click to write the question text","Choices":{"1":{"Display":"Click to write Choice 1"},"2":{"Display":"Click to write Choice 2"},"3":{"Display":"Click to write Choice 3"}},"ChoiceOrder":["1","2","3"],"Validation":{"Settings":{"ForceResponse":"OFF","ForceResponseType":"ON","Type":"None"}},"Language":[],"NextChoiceId":4,"NextAnswerId":1,"QuestionID":"QID93","DataVisibility":{"Private":false,"Hidden":false}}},{"SurveyID":"SV_aaWggWWTJZ5IYN7","Element":"RS","PrimaryAttribute":"RS_bpgKjm2ScG8Kcg5","SecondaryAttribute":"Default Response Set","TertiaryAttribute":null,"Payload":null},{"SurveyID":"SV_aaWggWWTJZ5IYN7","Element":"SQ","PrimaryAttribute":"QID94","SecondaryAttribute":"How much fatigue would you say you experienced today?","TertiaryAttribute":null,"Payload":{"QuestionText":"How much fatigue would you say you experienced today?","DefaultChoices":false,"DataExportTag":"Q14","QuestionType":"Matrix","Selector":"Likert","SubSelector":"SingleAnswer","DataVisibility":{"Private":false,"Hidden":false},"Configuration":{"QuestionDescriptionOption":"UseText","TextPosition":"inline","ChoiceColumnWidth":25,"RepeatHeaders":"none","WhiteSpace":"OFF","MobileFirst":true,"ChoiceColumnWidthPixels":197},"QuestionDescription":"How much fatigue would you say you experienced today?","Choices":{"1":{"Display":"Today's Fatigue Level"}},"ChoiceOrder":["1"],"Validation":{"Settings":{"ForceResponse":"ON","ForceResponseType":"ON","Type":"None"}},"GradingData":[],"Language":[],"NextChoiceId":4,"NextAnswerId":6,"Answers":{"1":{"Display":"None"},"2":{"Display":"Low"},"3":{"Display":"Moderate"},"4":{"Display":"High"},"5":{"Display":"Very high"}},"AnswerOrder":["1","2","3","4","5"],"ChoiceDataExportTags":false,"QuestionID":"QID94"}},{"SurveyID":"SV_aaWggWWTJZ5IYN7","Element":"SQ","PrimaryAttribute":"QID98","SecondaryAttribute":"How much fatigue would you say you experienced today?","TertiaryAttribute":null,"Payload":{"QuestionText":"How much fatigue would you say you experienced today?","DefaultChoices":false,"DataExportTag":"Q18","QuestionType":"Matrix","Selector":"Likert","SubSelector":"SingleAnswer","DataVisibility":{"Private":false,"Hidden":false},"Configuration":{"QuestionDescriptionOption":"UseText","TextPosition":"inline","ChoiceColumnWidthPixels":197,"RepeatHeaders":"none","WhiteSpace":"OFF","MobileFirst":true},"QuestionDescription":"How much fatigue would you say you experienced today?","Choices":{"1":{"Display":"Today's Fatigue Level"}},"ChoiceOrder":["1"],"Validation":{"Settings":{"ForceResponse":"ON","ForceResponseType":"ON","Type":"None"}},"GradingData":[],"Language":[],"NextChoiceId":4,"NextAnswerId":6,"Answers":{"1":{"Display":"None"},"2":{"Display":"Low"},"3":{"Display":"Moderate"},"4":{"Display":"High"},"5":{"Display":"Very high"}},"AnswerOrder":["1","2","3","4","5"],"ChoiceDataExportTags":false,"QuestionID":"QID98"}},{"SurveyID":"SV_aaWggWWTJZ5IYN7","Element":"SQ","PrimaryAttribute":"QID89","SecondaryAttribute":"How much stress would you say you experienced today?","TertiaryAttribute":null,"Payload":{"QuestionText":"How much stress would you say you experienced today?","DefaultChoices":false,"DataExportTag":"Q9","QuestionID":"QID89","QuestionType":"Matrix","Selector":"Likert","SubSelector":"SingleAnswer","DataVisibility":{"Private":false,"Hidden":false},"Configuration":{"QuestionDescriptionOption":"UseText","TextPosition":"inline","ChoiceColumnWidth":25,"RepeatHeaders":"none","WhiteSpace":"OFF","MobileFirst":true,"ChoiceColumnWidthPixels":197},"QuestionDescription":"How much stress would you say you experienced today?","Choices":{"4":{"Display":"Today's Stress Level"}},"ChoiceOrder":["4"],"Validation":{"Settings":{"ForceResponse":"ON","ForceResponseType":"ON","Type":"None"}},"GradingData":[],"Language":[],"NextChoiceId":5,"NextAnswerId":6,"Answers":{"1":{"Display":"None"},"2":{"Display":"Low"},"3":{"Display":"Moderate"},"4":{"Display":"High"},"5":{"Display":"Very high"}},"AnswerOrder":[1,2,"3","4","5"],"ChoiceDataExportTags":false}},{"SurveyID":"SV_aaWggWWTJZ5IYN7","Element":"SQ","PrimaryAttribute":"QID96","SecondaryAttribute":"How much stress would you say you experienced today?","TertiaryAttribute":null,"Payload":{"QuestionText":"How much stress would you say you experienced today?","DefaultChoices":false,"DataExportTag":"Q16","QuestionType":"Matrix","Selector":"Likert","SubSelector":"SingleAnswer","DataVisibility":{"Private":false,"Hidden":false},"Configuration":{"QuestionDescriptionOption":"UseText","TextPosition":"inline","ChoiceColumnWidthPixels":197,"RepeatHeaders":"none","WhiteSpace":"OFF","MobileFirst":true},"QuestionDescription":"How much stress would you say you experienced today?","Choices":{"4":{"Display":"Today's Stress Level"}},"ChoiceOrder":["4"],"Validation":{"Settings":{"ForceResponse":"ON","ForceResponseType":"ON","Type":"None"}},"GradingData":[],"Language":[],"NextChoiceId":5,"NextAnswerId":6,"Answers":{"1":{"Display":"None"},"2":{"Display":"Low"},"3":{"Display":"Moderate"},"4":{"Display":"High"},"5":{"Display":"Very high"}},"AnswerOrder":[1,2,"3","4","5"],"ChoiceDataExportTags":false,"QuestionID":"QID96"}},{"SurveyID":"SV_aaWggWWTJZ5IYN7","Element":"SQ","PrimaryAttribute":"QID90","SecondaryAttribute":"How was your sleep quality last night?","TertiaryAttribute":null,"Payload":{"QuestionText":"How was your sleep quality last night?","DefaultChoices":false,"DataExportTag":"Q10","QuestionID":"QID90","QuestionType":"Matrix","Selector":"Likert","SubSelector":"SingleAnswer","Configuration":{"QuestionDescriptionOption":"UseText","TextPosition":"inline","ChoiceColumnWidth":25,"RepeatHeaders":"none","WhiteSpace":"OFF","MobileFirst":true,"ChoiceColumnWidthPixels":197},"QuestionDescription":"How was your sleep quality last night?","Choices":{"1":{"Display":"Prior Night's Sleep Quality"}},"ChoiceOrder":["1"],"Validation":{"Settings":{"ForceResponse":"ON","ForceResponseType":"ON","Type":"None"}},"GradingData":[],"Language":[],"NextChoiceId":5,"NextAnswerId":8,"Answers":{"1":{"Display":"Very poor"},"4":{"Display":"Poor"},"5":{"Display":"Acceptable"},"6":{"Display":"Good"},"7":{"Display":"Very Good"}},"AnswerOrder":["1","4","5","6","7"],"ChoiceDataExportTags":false,"DataVisibility":{"Private":false,"Hidden":false}}},{"SurveyID":"SV_aaWggWWTJZ5IYN7","Element":"SQ","PrimaryAttribute":"QID95","SecondaryAttribute":"How was your sleep quality last night?","TertiaryAttribute":null,"Payload":{"QuestionText":"How was your sleep quality last night?","DefaultChoices":false,"DataExportTag":"Q15","QuestionType":"Matrix","Selector":"Likert","SubSelector":"SingleAnswer","DataVisibility":{"Private":false,"Hidden":false},"Configuration":{"QuestionDescriptionOption":"UseText","TextPosition":"inline","ChoiceColumnWidthPixels":197,"RepeatHeaders":"none","WhiteSpace":"OFF","MobileFirst":true},"QuestionDescription":"How was your sleep quality last night?","Choices":{"1":{"Display":"Prior Night's Sleep Quality"}},"ChoiceOrder":["1"],"Validation":{"Settings":{"ForceResponse":"ON","ForceResponseType":"ON","Type":"None"}},"GradingData":[],"Language":[],"NextChoiceId":5,"NextAnswerId":8,"Answers":{"1":{"Display":"Very poor"},"4":{"Display":"Poor"},"5":{"Display":"Acceptable"},"6":{"Display":"Good"},"7":{"Display":"Very Good"}},"AnswerOrder":["1","4","5","6","7"],"ChoiceDataExportTags":false,"QuestionID":"QID95"}},{"SurveyID":"SV_aaWggWWTJZ5IYN7","Element":"SQ","PrimaryAttribute":"QID87","SecondaryAttribute":"If you have not interacted with any of the bots today please explain why.","TertiaryAttribute":null,"Payload":{"QuestionText":"If you have not interacted with any of the bots today please explain why.","DefaultChoices":false,"DataExportTag":"Q87","QuestionType":"TE","Selector":"SL","Configuration":{"QuestionDescriptionOption":"UseText","AllowFreeResponse":"false"},"QuestionDescription":"If you have not interacted with any of the bots today please explain why.","Validation":{"Settings":{"ForceResponse":"OFF","ForceResponseType":"ON","Type":"None"}},"GradingData":[],"Language":[],"NextChoiceId":4,"NextAnswerId":1,"QuestionID":"QID87","DataVisibility":{"Private":false,"Hidden":false}}},{"SurveyID":"SV_aaWggWWTJZ5IYN7","Element":"SQ","PrimaryAttribute":"QID80","SecondaryAttribute":"In this survey, you will be asked to provide some basic information about your experience today.","TertiaryAttribute":null,"Payload":{"QuestionText":"In this survey, you will be asked to provide some basic information about your experience today.","DefaultChoices":false,"DataExportTag":"Q80","QuestionType":"DB","Selector":"TB","Configuration":{"QuestionDescriptionOption":"UseText"},"QuestionDescription":"In this survey, you will be asked to provide some basic information about your experience today.","ChoiceOrder":[],"Validation":{"Settings":{"Type":"None"}},"GradingData":[],"Language":[],"NextChoiceId":4,"NextAnswerId":1,"QuestionID":"QID80","DataVisibility":{"Private":false,"Hidden":false}}},{"SurveyID":"SV_aaWggWWTJZ5IYN7","Element":"SQ","PrimaryAttribute":"QID92","SecondaryAttribute":"Please enter today's date","TertiaryAttribute":null,"Payload":{"QuestionText":"Please enter today's date\n\n<link href=\"https:\/\/ajax.googleapis.com\/ajax\/libs\/yui\/2.9.0\/build\/calendar\/assets\/skins\/sam\/calendar.css\" rel=\"stylesheet\" type=\"text\/css\"\/><script type=\"text\/javascript\" src=\"https:\/\/ajax.googleapis.com\/ajax\/libs\/yui\/2.9.0\/build\/yahoo-dom-event\/yahoo-dom-event.js\"><\/script> <script type=\"text\/javascript\" src=\"https:\/\/ajax.googleapis.com\/ajax\/libs\/yui\/2.9.0\/build\/calendar\/calendar-min.js\"><\/script> <script>Qualtrics.SurveyEngine.addOnload(function(){var qid =this.questionId;var calid = qid +'_cal';var y =QBuilder('div');\n  $(y).setStyle({clear:'both'});var d =QBuilder('div',{className:'yui-skin-sam'},[QBuilder('div',{id:calid}),\n    y\n  ]);var c =this.questionContainer;\n  c = $(c).down('.QuestionText');\n  c.appendChild(d);var cal1 =new YAHOO.widget.Calendar(calid); \n  cal1.render();var input = $('QR~'+ qid);\n  $(input).setStyle({marginTop:'20px',width:'150px'});var p =$(input).up();var x =QBuilder('div');\n  $(x).setStyle({clear:'both'});\n  p.insert(x,{position:'before'});\n    cal1.selectEvent.subscribe(function(e,dates){var date = dates[0][0];if(date[1]<10)\n        date[1]='0'+ date[1];if(date[2]<10)\n        date[2]='0'+ date[2];\n    input.value = date[1]+'\/'+date[2]+'\/'+date[0];})});<\/script>","DefaultChoices":{"TEXT":{"Text":"${date:\/\/CurrentDate\/m%2Fd%2FY}"}},"DataExportTag":"Q12","QuestionType":"TE","Selector":"SL","Configuration":{"QuestionDescriptionOption":"UseText","AllowFreeResponse":"false","InputWidth":580,"InputHeight":28},"QuestionDescription":"Please enter today's date","Validation":{"Settings":{"ForceResponse":"ON","ForceResponseType":"ON","Type":"ContentType","ContentType":"ValidDate","ValidDateType":"DateWithFormat","ValidPhoneType":"ValidUSPhone","ValidZipType":"ValidUSZip"}},"GradingData":[],"Language":[],"NextChoiceId":4,"NextAnswerId":1,"QuestionID":"QID92","DataVisibility":{"Private":false,"Hidden":false}}},{"SurveyID":"SV_aaWggWWTJZ5IYN7","Element":"SQ","PrimaryAttribute":"QID88","SecondaryAttribute":"Please enter your email address (i.e., the one you used to register for the study).","TertiaryAttribute":null,"Payload":{"QuestionText":"Please enter your email address (i.e., the one you used to register for the study).","DefaultChoices":false,"DataExportTag":"Q88","QuestionType":"TE","Selector":"SL","Configuration":{"QuestionDescriptionOption":"UseText","AllowFreeResponse":"false"},"QuestionDescription":"Please enter your email address (i.e., the one you used to register for the study).","Validation":{"Settings":{"ForceResponse":"ON","ForceResponseType":"ON","Type":"ContentType","ContentType":"ValidEmail","ValidDateType":"DateWithFormat","ValidPhoneType":"ValidUSPhone","ValidZipType":"ValidUSZip"}},"GradingData":[],"Language":[],"NextChoiceId":4,"NextAnswerId":1,"QuestionID":"QID88","DataVisibility":{"Private":false,"Hidden":false}}},{"SurveyID":"SV_aaWggWWTJZ5IYN7","Element":"SQ","PrimaryAttribute":"QID82","SecondaryAttribute":"Please explain why and\/or what can be improved.","TertiaryAttribute":null,"Payload":{"QuestionText":"Please explain why and\/or what can be improved.","DefaultChoices":false,"DataExportTag":"Q82","QuestionID":"QID82","QuestionType":"TE","Selector":"SL","Configuration":{"QuestionDescriptionOption":"UseText","AllowFreeResponse":"false"},"QuestionDescription":"Please explain why and\/or what can be improved.","Validation":{"Settings":{"ForceResponse":"OFF","ForceResponseType":"ON","Type":"None"}},"GradingData":[],"Language":[],"NextChoiceId":4,"NextAnswerId":1}},{"SurveyID":"SV_aaWggWWTJZ5IYN7","Element":"SQ","PrimaryAttribute":"QID86","SecondaryAttribute":"Please explain why.","TertiaryAttribute":null,"Payload":{"QuestionText":"Please explain why.","DefaultChoices":false,"DataExportTag":"Q86","QuestionType":"TE","Selector":"SL","Configuration":{"QuestionDescriptionOption":"UseText","AllowFreeResponse":"false"},"QuestionDescription":"Please explain why.","Validation":{"Settings":{"ForceResponse":"OFF","ForceResponseType":"ON","Type":"None"}},"GradingData":[],"Language":[],"NextChoiceId":4,"NextAnswerId":1,"QuestionID":"QID86"}},{"SurveyID":"SV_aaWggWWTJZ5IYN7","Element":"SQ","PrimaryAttribute":"QID99","SecondaryAttribute":"The next four questions will ask you to think about your day.","TertiaryAttribute":null,"Payload":{"QuestionText":"<span style=\"font-weight: bolder;\">The next four questions will ask you to think about your day.<\/span>","DefaultChoices":false,"DataExportTag":"Q19","QuestionType":"DB","Selector":"TB","Configuration":{"QuestionDescriptionOption":"UseText"},"QuestionDescription":"The next four questions will ask you to think about your day.","ChoiceOrder":[],"Validation":{"Settings":{"Type":"None"}},"GradingData":[],"Language":[],"NextChoiceId":4,"NextAnswerId":1,"QuestionID":"QID99"}},{"SurveyID":"SV_aaWggWWTJZ5IYN7","Element":"SQ","PrimaryAttribute":"QID85","SecondaryAttribute":"What is your least favorite bot so far?","TertiaryAttribute":null,"Payload":{"QuestionText":"What is your least favorite bot so far?","DataExportTag":"Q85","QuestionType":"MC","Selector":"SAVR","SubSelector":"TX","DataVisibility":{"Private":false,"Hidden":false},"Configuration":{"QuestionDescriptionOption":"UseText"},"QuestionDescription":"What is your least favorite bot so far?","Choices":{"1":{"Display":"Doom Bot"},"2":{"Display":"Sherlock Bot"},"3":{"Display":"Glass-half-full Bot"},"4":{"Display":"Sir Laughs Bot"},"5":{"Display":"Treat yourself Bot"},"6":{"Display":"Dunno Bot"},"7":{"Display":"Checkin Bot"},"8":{"Display":"N\/A"}},"ChoiceOrder":["1","2","3","4","5","6","7","8"],"Validation":{"Settings":{"ForceResponse":"ON","ForceResponseType":"ON","Type":"None"}},"AnalyzeChoices":{"8":"No"},"Language":[],"NextChoiceId":9,"NextAnswerId":1,"QuestionID":"QID85"}},{"SurveyID":"SV_aaWggWWTJZ5IYN7","Element":"SQ","PrimaryAttribute":"QID84","SecondaryAttribute":"What is your most favorite bot so far?","TertiaryAttribute":null,"Payload":{"QuestionText":"What is your most favorite bot so far?","DataExportTag":"Q84","QuestionType":"MC","Selector":"SAVR","SubSelector":"TX","Configuration":{"QuestionDescriptionOption":"UseText"},"QuestionDescription":"What is your most favorite bot so far?","Choices":{"1":{"Display":"Doom Bot"},"2":{"Display":"Sherlock Bot"},"3":{"Display":"Glass-half-full Bot"},"4":{"Display":"Sir Laughs Bot"},"5":{"Display":"Treat yourself Bot"},"6":{"Display":"Dunno Bot"},"7":{"Display":"Checkin Bot"},"8":{"Display":"N\/A"}},"ChoiceOrder":["1","2","3","4","5","6","7","8"],"Validation":{"Settings":{"ForceResponse":"ON","ForceResponseType":"ON","Type":"None"}},"Language":[],"NextChoiceId":9,"NextAnswerId":1,"QuestionID":"QID84","AnalyzeChoices":{"8":"No"}}},{"SurveyID":"SV_aaWggWWTJZ5IYN7","Element":"SQ","PrimaryAttribute":"QID91","SecondaryAttribute":"What would you say was your level of social interaction today?","TertiaryAttribute":null,"Payload":{"QuestionText":"What would you say was your level of social interaction today?","DefaultChoices":false,"DataExportTag":"Q11","QuestionID":"QID91","QuestionType":"Matrix","Selector":"Likert","SubSelector":"SingleAnswer","Configuration":{"QuestionDescriptionOption":"UseText","TextPosition":"inline","ChoiceColumnWidth":25,"RepeatHeaders":"none","WhiteSpace":"OFF","MobileFirst":true,"ChoiceColumnWidthPixels":196},"QuestionDescription":"What would you say was your level of social interaction today?","Choices":{"1":{"Display":"Today's Social Interaction Level"}},"ChoiceOrder":["1"],"Validation":{"Settings":{"ForceResponse":"ON","ForceResponseType":"ON","Type":"None"}},"GradingData":[],"Language":[],"NextChoiceId":4,"NextAnswerId":6,"Answers":{"1":{"Display":"None"},"2":{"Display":"Low"},"3":{"Display":"Moderate"},"4":{"Display":"High"},"5":{"Display":"Very high"}},"AnswerOrder":["1","2","3","4","5"],"ChoiceDataExportTags":false,"DataVisibility":{"Private":false,"Hidden":false}}},{"SurveyID":"SV_aaWggWWTJZ5IYN7","Element":"SQ","PrimaryAttribute":"QID97","SecondaryAttribute":"What would you say was your level of social interaction today?","TertiaryAttribute":null,"Payload":{"QuestionText":"What would you say was your level of social interaction today?","DefaultChoices":false,"DataExportTag":"Q17","QuestionType":"Matrix","Selector":"Likert","SubSelector":"SingleAnswer","DataVisibility":{"Private":false,"Hidden":false},"Configuration":{"QuestionDescriptionOption":"UseText","TextPosition":"inline","ChoiceColumnWidthPixels":196,"RepeatHeaders":"none","WhiteSpace":"OFF","MobileFirst":true},"QuestionDescription":"What would you say was your level of social interaction today?","Choices":{"1":{"Display":"Today's Social Interaction Level"}},"ChoiceOrder":["1"],"Validation":{"Settings":{"ForceResponse":"ON","ForceResponseType":"ON","Type":"None"}},"GradingData":[],"Language":[],"NextChoiceId":4,"NextAnswerId":6,"Answers":{"1":{"Display":"None"},"2":{"Display":"Low"},"3":{"Display":"Moderate"},"4":{"Display":"High"},"5":{"Display":"Very high"}},"AnswerOrder":["1","2","3","4","5"],"ChoiceDataExportTags":false,"QuestionID":"QID97"}},{"SurveyID":"SV_aaWggWWTJZ5IYN7","Element":"SQ","PrimaryAttribute":"QID83","SecondaryAttribute":"Which bots have you interacted with today?","TertiaryAttribute":null,"Payload":{"QuestionText":"Which bots have you interacted with today?","DataExportTag":"Q83","QuestionType":"MC","Selector":"MAVR","SubSelector":"TX","Configuration":{"QuestionDescriptionOption":"UseText"},"QuestionDescription":"Which bots have you interacted with today?","Choices":{"1":{"Display":"Doom Bot"},"2":{"Display":"Sherlock Bot"},"3":{"Display":"Glass-half-full Bot"},"4":{"Display":"Sir Laughs Bot"},"5":{"Display":"Treat yourself Bot"},"6":{"Display":"Dunno Bot"},"7":{"Display":"Checkin Bot"}},"ChoiceOrder":["1","2","3","4","5","6","7"],"Validation":{"Settings":{"ForceResponse":"OFF","ForceResponseType":"ON","Type":"None"}},"Language":[],"NextChoiceId":8,"NextAnswerId":1,"QuestionID":"QID83"}}]}