{"SurveyEntry":{"SurveyID":"SV_6gmpusDDaeCxfp3","SurveyName":"PopBots July 2020 Pilot - Weekly Feedback - Control","SurveyDescription":null,"SurveyOwnerID":"UR_1ZCVV1YyhXBpxop","SurveyBrandID":"stanforduniversity","DivisionID":null,"SurveyLanguage":"EN","SurveyActiveResponseSet":"RS_3RiXlLBZ2diCUUB","SurveyStatus":"Active","SurveyStartDate":"0000-00-00 00:00:00","SurveyExpirationDate":"0000-00-00 00:00:00","SurveyCreationDate":"2020-06-26 08:14:14","CreatorID":"UR_1ZCVV1YyhXBpxop","LastModified":"2020-09-27 14:04:40","LastAccessed":"0000-00-00 00:00:00","LastActivated":"2020-07-09 09:08:08","Deleted":null},"SurveyElements":[{"SurveyID":"SV_6gmpusDDaeCxfp3","Element":"BL","PrimaryAttribute":"Survey Blocks","SecondaryAttribute":null,"TertiaryAttribute":null,"Payload":{"0":{"Type":"Default","Description":"Default Question Block","ID":"BL_9Y8HQ5i4AwsWylT","BlockElements":[{"Type":"Question","QuestionID":"QID80"},{"Type":"Question","QuestionID":"QID90"},{"Type":"Question","QuestionID":"QID89"},{"Type":"Question","QuestionID":"QID91"},{"Type":"Question","QuestionID":"QID126"}],"Options":{"BlockLocking":"false","RandomizeQuestions":"false","BlockVisibility":"Expanded"}},"1":{"Type":"Trash","Description":"Trash \/ Unused Questions","ID":"BL_bEjg5SjPB38pbXT","BlockElements":[{"Type":"Question","QuestionID":"QID101"},{"Type":"Question","QuestionID":"QID87"},{"Type":"Question","QuestionID":"QID104"},{"Type":"Question","QuestionID":"QID83"},{"Type":"Question","QuestionID":"QID105"},{"Type":"Question","QuestionID":"QID120"},{"Type":"Question","QuestionID":"QID121"},{"Type":"Question","QuestionID":"QID84"},{"Type":"Question","QuestionID":"QID86"},{"Type":"Question","QuestionID":"QID85"},{"Type":"Question","QuestionID":"QID102"},{"Type":"Question","QuestionID":"QID107"},{"Type":"Question","QuestionID":"QID124"},{"Type":"Question","QuestionID":"QID108"},{"Type":"Question","QuestionID":"QID110"},{"Type":"Question","QuestionID":"QID88"},{"Type":"Question","QuestionID":"QID92"},{"Type":"Question","QuestionID":"QID82"},{"Type":"Question","QuestionID":"QID93"},{"Type":"Question","QuestionID":"QID99"},{"Type":"Question","QuestionID":"QID103"},{"Type":"Question","QuestionID":"QID109"},{"Type":"Question","QuestionID":"QID112"},{"Type":"Question","QuestionID":"QID106"},{"Type":"Question","QuestionID":"QID113"},{"Type":"Question","QuestionID":"QID119"},{"Type":"Question","QuestionID":"QID122"},{"Type":"Question","QuestionID":"QID114"},{"Type":"Question","QuestionID":"QID123"},{"Type":"Question","QuestionID":"QID111"},{"Type":"Question","QuestionID":"QID125"},{"Type":"Question","QuestionID":"QID100"}]},"2":{"Type":"Standard","SubType":"","Description":"Block 1","ID":"BL_5C2PBjkeXqdrqFn","Options":{"BlockLocking":"false","RandomizeQuestions":"false","BlockVisibility":"Expanded"},"BlockElements":[{"Type":"Question","QuestionID":"QID94"}]},"3":{"Type":"Standard","SubType":"","Description":"Block 2","ID":"BL_2aZT0s8AGF326yh","BlockElements":[{"Type":"Question","QuestionID":"QID95"}]},"4":{"Type":"Standard","SubType":"","Description":"Anger - Short Form 5a","ID":"BL_0vPLLfii8GP2S0J","BlockElements":[{"Type":"Question","QuestionID":"QID96"}]},"5":{"Type":"Standard","SubType":"","Description":"Anxiety - Short Form 8a","ID":"BL_50EnaLI2bi5nmeh","Options":{"BlockLocking":"false","RandomizeQuestions":"false","BlockVisibility":"Expanded"},"BlockElements":[{"Type":"Question","QuestionID":"QID97"}]},"7":{"Type":"Standard","SubType":"","Description":"Depression - Short Form 8a","ID":"BL_cInJMQlfDrR8xTv","BlockElements":[{"Type":"Question","QuestionID":"QID98"}]},"8":{"Type":"Standard","SubType":"","Description":"Sleep Disturbance 8a","ID":"BL_3aSzAxe3Jj1Kdjn","BlockElements":[{"Type":"Question","QuestionID":"QID116"},{"Type":"Question","QuestionID":"QID117"},{"Type":"Question","QuestionID":"QID118"}]},"10":{"Type":"Standard","SubType":"","Description":"Block 9","ID":"BL_72ma1ExGfp5qb2t","BlockElements":[{"Type":"Question","QuestionID":"QID115"}]}}},{"SurveyID":"SV_6gmpusDDaeCxfp3","Element":"FL","PrimaryAttribute":"Survey Flow","SecondaryAttribute":null,"TertiaryAttribute":null,"Payload":{"Type":"Root","FlowID":"FL_1","Flow":[{"Type":"EmbeddedData","FlowID":"FL_3","EmbeddedData":[{"Description":"snb","Type":"Recipient","Field":"snb","VariableType":"String","DataVisibility":[],"AnalyzeText":false},{"Description":"rdate","Type":"Recipient","Field":"rdate","VariableType":"String","DataVisibility":[],"AnalyzeText":false},{"Description":"hid","Type":"Recipient","Field":"hid","VariableType":"String","DataVisibility":[],"AnalyzeText":false},{"Description":"Create New Field or Choose From Dropdown...","Type":"Recipient","Field":"Create New Field or Choose From Dropdown...","VariableType":"String","DataVisibility":[],"AnalyzeText":false}]},{"ID":"BL_5C2PBjkeXqdrqFn","Type":"Standard","FlowID":"FL_4"},{"Type":"Block","ID":"BL_9Y8HQ5i4AwsWylT","FlowID":"FL_2"},{"ID":"BL_2aZT0s8AGF326yh","Type":"Standard","FlowID":"FL_5"},{"ID":"BL_3aSzAxe3Jj1Kdjn","Type":"Standard","FlowID":"FL_11"},{"ID":"BL_0vPLLfii8GP2S0J","Type":"Standard","FlowID":"FL_6"},{"ID":"BL_50EnaLI2bi5nmeh","Type":"Standard","FlowID":"FL_8"},{"ID":"BL_cInJMQlfDrR8xTv","Type":"Standard","FlowID":"FL_10"},{"ID":"BL_72ma1ExGfp5qb2t","Type":"Standard","FlowID":"FL_13"}],"Properties":{"Count":13,"RemovedFieldsets":[]}}},{"SurveyID":"SV_6gmpusDDaeCxfp3","Element":"SO","PrimaryAttribute":"Survey Options","SecondaryAttribute":null,"TertiaryAttribute":null,"Payload":{"BackButton":"false","SaveAndContinue":"true","SurveyProtection":"PublicSurvey","BallotBoxStuffingPrevention":"false","NoIndex":"Yes","SecureResponseFiles":"true","SurveyExpiration":"None","SurveyTermination":"DefaultMessage","Header":"","Footer":"","ProgressBarDisplay":"Text","PartialData":"+1 week","ValidationMessage":"","PreviousButton":" \u2190 ","NextButton":" \u2192 ","SkinLibrary":"stanforduniversity","SkinType":"MQ","Skin":"stanforduniversity3_new_update","NewScoring":1,"ProtectSelectionIds":true,"SurveyTitle":"Online Survey Software | Qualtrics Survey Solutions","SurveyName":"PopBots July 2020 Pilot - Weekly Feedback - Control"}},{"SurveyID":"SV_6gmpusDDaeCxfp3","Element":"SCO","PrimaryAttribute":"Scoring","SecondaryAttribute":null,"TertiaryAttribute":null,"Payload":{"ScoringCategories":[],"ScoringCategoryGroups":[],"ScoringSummaryCategory":null,"ScoringSummaryAfterQuestions":0,"ScoringSummaryAfterSurvey":0,"DefaultScoringCategory":null,"AutoScoringCategory":null}},{"SurveyID":"SV_6gmpusDDaeCxfp3","Element":"PROJ","PrimaryAttribute":"CORE","SecondaryAttribute":null,"TertiaryAttribute":"1.1.0","Payload":{"ProjectCategory":"CORE","SchemaVersion":"1.1.0"}},{"SurveyID":"SV_6gmpusDDaeCxfp3","Element":"STAT","PrimaryAttribute":"Survey Statistics","SecondaryAttribute":null,"TertiaryAttribute":null,"Payload":{"MobileCompatible":true,"ID":"Survey Statistics"}},{"SurveyID":"SV_6gmpusDDaeCxfp3","Element":"QC","PrimaryAttribute":"Survey Question Count","SecondaryAttribute":"126","TertiaryAttribute":null,"Payload":null},{"SurveyID":"SV_6gmpusDDaeCxfp3","Element":"SQ","PrimaryAttribute":"QID114","SecondaryAttribute":"Are there any conversations that you haven't been able to have with the Popbots? If yes, what sto...","TertiaryAttribute":null,"Payload":{"QuestionText":"Are there any conversations that you haven't been able to have with the Popbots? If yes, what stopped you?","DefaultChoices":false,"DataExportTag":"Q34","QuestionType":"TE","Selector":"SL","Configuration":{"QuestionDescriptionOption":"UseText"},"QuestionDescription":"Are there any conversations that you haven't been able to have with the Popbots? If yes, what sto...","Validation":{"Settings":{"ForceResponse":"OFF","ForceResponseType":"ON","Type":"None"}},"GradingData":[],"Language":[],"NextChoiceId":4,"NextAnswerId":1,"SearchSource":{"AllowFreeResponse":"false"},"QuestionID":"QID114","DataVisibility":{"Private":false,"Hidden":false}}},{"SurveyID":"SV_6gmpusDDaeCxfp3","Element":"SQ","PrimaryAttribute":"QID104","SecondaryAttribute":"Can you explain in a few sentences why you didn't interact with the Popbots this weak? ","TertiaryAttribute":null,"Payload":{"QuestionText":"Can you explain in a few sentences why you didn't interact with the Popbots this weak?&nbsp;","DefaultChoices":false,"DataExportTag":"Q31","QuestionType":"TE","Selector":"SL","DataVisibility":{"Private":false,"Hidden":false},"Configuration":{"QuestionDescriptionOption":"UseText"},"QuestionDescription":"Can you explain in a few sentences why you didn't interact with the Popbots this weak? ","DisplayLogic":{"0":{"0":{"LogicType":"Question","QuestionID":"QID101","QuestionIsInLoop":"no","ChoiceLocator":"q:\/\/QID101\/SelectableChoice\/2","Operator":"Selected","QuestionIDFromLocator":"QID101","LeftOperand":"q:\/\/QID101\/SelectableChoice\/2","Type":"Expression","Description":"<span class=\"ConjDesc\">If<\/span> <span class=\"QuestionDesc\">Did you interact with any of the Popbots this week?<\/span> <span class=\"LeftOpDesc\">No<\/span> <span class=\"OpDesc\">Is Selected<\/span> "},"Type":"If"},"Type":"BooleanExpression","inPage":false},"Validation":{"Settings":{"ForceResponse":"ON","ForceResponseType":"ON","Type":"None"}},"GradingData":[],"Language":[],"NextChoiceId":4,"NextAnswerId":1,"SearchSource":{"AllowFreeResponse":"false"},"QuestionID":"QID104"}},{"SurveyID":"SV_6gmpusDDaeCxfp3","Element":"SQ","PrimaryAttribute":"QID93","SecondaryAttribute":"Click to write the question text","TertiaryAttribute":null,"Payload":{"QuestionText":"Click to write the question text","DataExportTag":"Q13","QuestionType":"MC","Selector":"SAVR","SubSelector":"TX","Configuration":{"QuestionDescriptionOption":"UseText"},"QuestionDescription":"Click to write the question text","Choices":{"1":{"Display":"Click to write Choice 1"},"2":{"Display":"Click to write Choice 2"},"3":{"Display":"Click to write Choice 3"}},"ChoiceOrder":["1","2","3"],"Validation":{"Settings":{"ForceResponse":"OFF","ForceResponseType":"ON","Type":"None"}},"Language":[],"NextChoiceId":4,"NextAnswerId":1,"QuestionID":"QID93"}},{"SurveyID":"SV_6gmpusDDaeCxfp3","Element":"SQ","PrimaryAttribute":"QID99","SecondaryAttribute":"Click to write the question text","TertiaryAttribute":null,"Payload":{"QuestionText":"Click to write the question text","DataExportTag":"Q19","QuestionType":"MC","Selector":"SAVR","SubSelector":"TX","Configuration":{"QuestionDescriptionOption":"UseText"},"QuestionDescription":"Click to write the question text","Choices":{"1":{"Display":"Click to write Choice 1"},"2":{"Display":"Click to write Choice 2"},"3":{"Display":"Click to write Choice 3"}},"ChoiceOrder":["1","2","3"],"Validation":{"Settings":{"ForceResponse":"OFF","ForceResponseType":"ON","Type":"None"}},"Language":[],"NextChoiceId":4,"NextAnswerId":1,"QuestionID":"QID99"}},{"SurveyID":"SV_6gmpusDDaeCxfp3","Element":"SQ","PrimaryAttribute":"QID103","SecondaryAttribute":"Click to write the question text","TertiaryAttribute":null,"Payload":{"QuestionText":"Click to write the question text","DefaultChoices":false,"DataExportTag":"Q30","QuestionID":"QID103","QuestionType":"MC","Selector":"SAVR","SubSelector":"TX","Configuration":{"QuestionDescriptionOption":"UseText"},"QuestionDescription":"Click to write the question text","Choices":{"4":{"Display":"Click to write Choice 1"},"5":{"Display":"Click to write Choice 2"},"6":{"Display":"Click to write Choice 3"}},"ChoiceOrder":["4","5","6"],"Validation":{"Settings":{"ForceResponse":"OFF","ForceResponseType":"ON","Type":"None"}},"GradingData":[],"Language":[],"NextChoiceId":7,"NextAnswerId":1}},{"SurveyID":"SV_6gmpusDDaeCxfp3","Element":"SQ","PrimaryAttribute":"QID109","SecondaryAttribute":"Click to write the question text","TertiaryAttribute":null,"Payload":{"QuestionText":"Click to write the question text","DataExportTag":"Q29","QuestionType":"MC","Selector":"SAVR","SubSelector":"TX","Configuration":{"QuestionDescriptionOption":"UseText"},"QuestionDescription":"Click to write the question text","Choices":{"1":{"Display":"Click to write Choice 1"},"2":{"Display":"Click to write Choice 2"},"3":{"Display":"Click to write Choice 3"}},"ChoiceOrder":["1","2","3"],"Validation":{"Settings":{"ForceResponse":"OFF","ForceResponseType":"ON","Type":"None"}},"Language":[],"NextChoiceId":4,"NextAnswerId":1,"QuestionID":"QID109"}},{"SurveyID":"SV_6gmpusDDaeCxfp3","Element":"SQ","PrimaryAttribute":"QID119","SecondaryAttribute":"Click to write the question text","TertiaryAttribute":null,"Payload":{"QuestionText":"Click to write the question text","DataExportTag":"Q39","QuestionType":"MC","Selector":"SAVR","SubSelector":"TX","Configuration":{"QuestionDescriptionOption":"UseText"},"QuestionDescription":"Click to write the question text","Choices":{"1":{"Display":"Click to write Choice 1"},"2":{"Display":"Click to write Choice 2"},"3":{"Display":"Click to write Choice 3"}},"ChoiceOrder":["1","2","3"],"Validation":{"Settings":{"ForceResponse":"OFF","ForceResponseType":"ON","Type":"None"}},"Language":[],"NextChoiceId":4,"NextAnswerId":1,"QuestionID":"QID119"}},{"SurveyID":"SV_6gmpusDDaeCxfp3","Element":"SQ","PrimaryAttribute":"QID125","SecondaryAttribute":"Click to write the question text","TertiaryAttribute":null,"Payload":{"QuestionText":"Click to write the question text","DataExportTag":"Q45","QuestionType":"MC","Selector":"SAVR","SubSelector":"TX","Configuration":{"QuestionDescriptionOption":"UseText"},"QuestionDescription":"Click to write the question text","Choices":{"1":{"Display":"Click to write Choice 1"},"2":{"Display":"Click to write Choice 2"},"3":{"Display":"Click to write Choice 3"}},"ChoiceOrder":["1","2","3"],"Validation":{"Settings":{"ForceResponse":"OFF","ForceResponseType":"ON","Type":"None"}},"Language":[],"NextChoiceId":4,"NextAnswerId":1,"QuestionID":"QID125"}},{"SurveyID":"SV_6gmpusDDaeCxfp3","Element":"RS","PrimaryAttribute":"RS_3RiXlLBZ2diCUUB","SecondaryAttribute":"Default Response Set","TertiaryAttribute":null,"Payload":null},{"SurveyID":"SV_6gmpusDDaeCxfp3","Element":"SQ","PrimaryAttribute":"QID101","SecondaryAttribute":"Did you interact with any of the Popbots this week?","TertiaryAttribute":null,"Payload":{"QuestionText":"Did you interact with any of the Popbots this week?","DataExportTag":"Q26","QuestionType":"MC","Selector":"SAVR","SubSelector":"TX","Configuration":{"QuestionDescriptionOption":"UseText"},"QuestionDescription":"Did you interact with any of the Popbots this week?","Choices":{"1":{"Display":"Yes"},"2":{"Display":"No"}},"ChoiceOrder":["1","2"],"Validation":{"Settings":{"ForceResponse":"ON","ForceResponseType":"ON","Type":"None"}},"Language":[],"NextChoiceId":5,"NextAnswerId":1,"QuestionID":"QID101","DataVisibility":{"Private":false,"Hidden":false}}},{"SurveyID":"SV_6gmpusDDaeCxfp3","Element":"SQ","PrimaryAttribute":"QID115","SecondaryAttribute":"Do you have any other feedback you would like to share with the research team?","TertiaryAttribute":null,"Payload":{"QuestionText":"Do you have any other feedback you would like to share with the research team?","DefaultChoices":false,"DataExportTag":"Q35","QuestionType":"TE","Selector":"ESTB","Configuration":{"QuestionDescriptionOption":"UseText"},"QuestionDescription":"Do you have any other feedback you would like to share with the research team?","Validation":{"Settings":{"ForceResponse":"OFF","ForceResponseType":"ON","Type":"None"}},"GradingData":[],"Language":[],"NextChoiceId":4,"NextAnswerId":1,"SearchSource":{"AllowFreeResponse":"false"},"QuestionID":"QID115","DataVisibility":{"Private":false,"Hidden":false}}},{"SurveyID":"SV_6gmpusDDaeCxfp3","Element":"SQ","PrimaryAttribute":"QID100","SecondaryAttribute":"Finally, we'd like to ask you about your interactions with the Popbots this week.","TertiaryAttribute":null,"Payload":{"QuestionText":"<b>Finally, we'd like to ask you about your interactions with the Popbots this week.<\/b>","DefaultChoices":false,"DataExportTag":"Q25","QuestionType":"DB","Selector":"TB","Configuration":{"QuestionDescriptionOption":"UseText"},"QuestionDescription":"Finally, we'd like to ask you about your interactions with the Popbots this week.","ChoiceOrder":[],"Validation":{"Settings":{"Type":"None"}},"GradingData":[],"Language":[],"NextChoiceId":4,"NextAnswerId":1,"QuestionID":"QID100"}},{"SurveyID":"SV_6gmpusDDaeCxfp3","Element":"SQ","PrimaryAttribute":"QID107","SecondaryAttribute":"Have you learned anything from the Popbots this week about stress management?","TertiaryAttribute":null,"Payload":{"QuestionText":"Have you learned anything from the Popbots this week about stress management?","DefaultChoices":false,"DataExportTag":"Q27","QuestionID":"QID107","QuestionType":"MC","Selector":"SAVR","SubSelector":"TX","DataVisibility":{"Private":false,"Hidden":false},"Configuration":{"QuestionDescriptionOption":"UseText"},"QuestionDescription":"Have you learned anything from the Popbots this week about stress management?","Choices":{"4":{"Display":"Yes"},"5":{"Display":"No"}},"DisplayLogic":{"0":{"0":{"LogicType":"Question","QuestionID":"QID101","QuestionIsInLoop":"no","ChoiceLocator":"q:\/\/QID101\/SelectableChoice\/1","Operator":"Selected","QuestionIDFromLocator":"QID101","LeftOperand":"q:\/\/QID101\/SelectableChoice\/1","Type":"Expression","Description":"<span class=\"ConjDesc\">If<\/span> <span class=\"QuestionDesc\">Did you interact with any of the Popbots this week?<\/span> <span class=\"LeftOpDesc\">Yes<\/span> <span class=\"OpDesc\">Is Selected<\/span> "},"Type":"If"},"Type":"BooleanExpression","inPage":false},"ChoiceOrder":["4","5"],"Validation":{"Settings":{"ForceResponse":"OFF","ForceResponseType":"ON","Type":"None"}},"GradingData":[],"Language":[],"NextChoiceId":7,"NextAnswerId":1}},{"SurveyID":"SV_6gmpusDDaeCxfp3","Element":"SQ","PrimaryAttribute":"QID108","SecondaryAttribute":"Have you used any stress management techniques learned from the Popbots on your own (i.e., while...","TertiaryAttribute":null,"Payload":{"QuestionText":"Have you used any stress management techniques learned from the Popbots on your own (i.e., while not chatting with a Popbot) this week?","DefaultChoices":false,"DataExportTag":"Q28","QuestionType":"MC","Selector":"SAVR","SubSelector":"TX","Configuration":{"QuestionDescriptionOption":"UseText"},"QuestionDescription":"Have you used any stress management techniques learned from the Popbots on your own (i.e., while...","Choices":{"1":{"Display":"Yes"},"2":{"Display":"No"}},"ChoiceOrder":["1","2"],"Validation":{"Settings":{"ForceResponse":"ON","ForceResponseType":"ON","Type":"None"}},"GradingData":[],"Language":[],"NextChoiceId":4,"NextAnswerId":1,"QuestionID":"QID108","DataVisibility":{"Private":false,"Hidden":false},"DisplayLogic":{"0":{"0":{"LogicType":"Question","QuestionID":"QID101","QuestionIsInLoop":"no","ChoiceLocator":"q:\/\/QID101\/SelectableChoice\/1","Operator":"Selected","QuestionIDFromLocator":"QID101","LeftOperand":"q:\/\/QID101\/SelectableChoice\/1","Type":"Expression","Description":"<span class=\"ConjDesc\">If<\/span> <span class=\"QuestionDesc\">Did you interact with any of the Popbots this week?<\/span> <span class=\"LeftOpDesc\">Yes<\/span> <span class=\"OpDesc\">Is Selected<\/span> "},"Type":"If"},"Type":"BooleanExpression","inPage":false}}},{"SurveyID":"SV_6gmpusDDaeCxfp3","Element":"SQ","PrimaryAttribute":"QID122","SecondaryAttribute":"How could we improve your experience with the Popbots?","TertiaryAttribute":null,"Payload":{"QuestionText":"How could we improve your experience with the Popbots?","DefaultChoices":false,"DataExportTag":"Q42","QuestionType":"TE","Selector":"SL","DataVisibility":{"Private":false,"Hidden":false},"Configuration":{"QuestionDescriptionOption":"UseText"},"QuestionDescription":"How could we improve your experience with the Popbots?","DisplayLogic":{"0":{"0":{"LogicType":"Question","QuestionID":"QID101","QuestionIsInLoop":"no","ChoiceLocator":"q:\/\/QID101\/SelectableChoice\/2","Operator":"Selected","QuestionIDFromLocator":"QID101","LeftOperand":"q:\/\/QID101\/SelectableChoice\/2","Type":"Expression","Description":"<span class=\"ConjDesc\">If<\/span> <span class=\"QuestionDesc\">Did you interact with any of the Popbots this week?<\/span> <span class=\"LeftOpDesc\">No<\/span> <span class=\"OpDesc\">Is Selected<\/span> "},"Type":"If"},"Type":"BooleanExpression","inPage":false},"Validation":{"Settings":{"ForceResponse":"ON","ForceResponseType":"ON","Type":"None"}},"GradingData":[],"Language":[],"NextChoiceId":4,"NextAnswerId":1,"SearchSource":{"AllowFreeResponse":"false"},"QuestionID":"QID122"}},{"SurveyID":"SV_6gmpusDDaeCxfp3","Element":"SQ","PrimaryAttribute":"QID126","SecondaryAttribute":"How much fatigue would you say you experienced today?","TertiaryAttribute":null,"Payload":{"QuestionText":"How much fatigue would you say you experienced today?","DefaultChoices":false,"DataExportTag":"Q47","QuestionType":"Matrix","Selector":"Likert","SubSelector":"SingleAnswer","DataVisibility":{"Private":false,"Hidden":false},"Configuration":{"QuestionDescriptionOption":"UseText","TextPosition":"inline","ChoiceColumnWidth":25,"ChoiceColumnWidthPixels":197,"RepeatHeaders":"none","WhiteSpace":"OFF","MobileFirst":true},"QuestionDescription":"How much fatigue would you say you experienced today?","Choices":{"1":{"Display":"Today's Fatigue Level"}},"ChoiceOrder":["1"],"Validation":{"Settings":{"ForceResponse":"ON","ForceResponseType":"ON","Type":"None"}},"GradingData":[],"Language":[],"NextChoiceId":4,"NextAnswerId":6,"Answers":{"1":{"Display":"None"},"2":{"Display":"Low"},"3":{"Display":"Moderate"},"4":{"Display":"High"},"5":{"Display":"Very high"}},"AnswerOrder":["1","2","3","4","5"],"ChoiceDataExportTags":false,"QuestionID":"QID126"}},{"SurveyID":"SV_6gmpusDDaeCxfp3","Element":"SQ","PrimaryAttribute":"QID89","SecondaryAttribute":"How much stress would you say you experienced today?","TertiaryAttribute":null,"Payload":{"QuestionText":"How much stress would you say you experienced today?","DefaultChoices":false,"DataExportTag":"Q9","QuestionID":"QID89","QuestionType":"Matrix","Selector":"Likert","SubSelector":"SingleAnswer","DataVisibility":{"Private":false,"Hidden":false},"Configuration":{"QuestionDescriptionOption":"UseText","TextPosition":"inline","ChoiceColumnWidth":25,"RepeatHeaders":"none","WhiteSpace":"OFF","MobileFirst":true},"QuestionDescription":"How much stress would you say you experienced today?","Choices":{"4":{"Display":"Stress level"}},"ChoiceOrder":["4"],"Validation":{"Settings":{"ForceResponse":"ON","ForceResponseType":"ON","Type":"None"}},"GradingData":[],"Language":[],"NextChoiceId":6,"NextAnswerId":6,"Answers":{"1":{"Display":"None"},"2":{"Display":"Low"},"3":{"Display":"Moderate"},"4":{"Display":"High"},"5":{"Display":"Very high"}},"AnswerOrder":[1,2,"3","4","5"],"ChoiceDataExportTags":false}},{"SurveyID":"SV_6gmpusDDaeCxfp3","Element":"SQ","PrimaryAttribute":"QID90","SecondaryAttribute":"How was your sleep quality last night?","TertiaryAttribute":null,"Payload":{"QuestionText":"How was your sleep quality last night?","DefaultChoices":false,"DataExportTag":"Q10","QuestionID":"QID90","QuestionType":"Matrix","Selector":"Likert","SubSelector":"SingleAnswer","Configuration":{"QuestionDescriptionOption":"UseText","TextPosition":"inline","ChoiceColumnWidth":25,"RepeatHeaders":"none","WhiteSpace":"OFF","MobileFirst":true},"QuestionDescription":"How was your sleep quality last night?","Choices":{"1":{"Display":"Prior night sleep quality"}},"ChoiceOrder":["1"],"Validation":{"Settings":{"ForceResponse":"ON","ForceResponseType":"ON","Type":"None"}},"GradingData":[],"Language":[],"NextChoiceId":5,"NextAnswerId":8,"Answers":{"1":{"Display":"Very poor"},"4":{"Display":"Poor"},"5":{"Display":"Acceptable"},"6":{"Display":"Good"},"7":{"Display":"Very Good"}},"AnswerOrder":["1","4","5","6","7"],"ChoiceDataExportTags":false,"DataVisibility":{"Private":false,"Hidden":false}}},{"SurveyID":"SV_6gmpusDDaeCxfp3","Element":"SQ","PrimaryAttribute":"QID85","SecondaryAttribute":"If you had to pick one, what is your least favorite Popbot so far?","TertiaryAttribute":null,"Payload":{"QuestionText":"If you had to pick one, what is your least favorite Popbot so far?","DataExportTag":"Q85","QuestionType":"MC","Selector":"SAVR","SubSelector":"TX","DataVisibility":{"Private":false,"Hidden":false},"Configuration":{"QuestionDescriptionOption":"UseText"},"QuestionDescription":"If you had to pick one, what is your least favorite Popbot so far?","Choices":{"1":{"Display":"Doom Bot"},"2":{"Display":"Sherlock Bot"},"3":{"Display":"Glass-half-full Bot"},"4":{"Display":"Sir Laughs Bot"},"5":{"Display":"Treat yourself Bot"},"6":{"Display":"Dunno Bot"},"7":{"Display":"Checkin Bot"},"8":{"Display":"N\/A"}},"ChoiceOrder":["1","2","3","4","5","6","7","8"],"Validation":{"Settings":{"ForceResponse":"ON","ForceResponseType":"ON","Type":"None"}},"AnalyzeChoices":{"8":"No"},"Language":[],"NextChoiceId":9,"NextAnswerId":1,"QuestionID":"QID85","DisplayLogic":{"0":{"0":{"LogicType":"Question","QuestionID":"QID101","QuestionIsInLoop":"no","ChoiceLocator":"q:\/\/QID101\/SelectableChoice\/1","Operator":"Selected","QuestionIDFromLocator":"QID101","LeftOperand":"q:\/\/QID101\/SelectableChoice\/1","Type":"Expression","Description":"<span class=\"ConjDesc\">If<\/span> <span class=\"QuestionDesc\">Did you interact with any of the Popbots this week?<\/span> <span class=\"LeftOpDesc\">Yes<\/span> <span class=\"OpDesc\">Is Selected<\/span> "},"Type":"If"},"Type":"BooleanExpression","inPage":false}}},{"SurveyID":"SV_6gmpusDDaeCxfp3","Element":"SQ","PrimaryAttribute":"QID84","SecondaryAttribute":"If you had to pick one, what is your most favorite Popbot so far?","TertiaryAttribute":null,"Payload":{"QuestionText":"If you had to pick one, what is your most favorite Popbot so far?","DataExportTag":"Q84","QuestionType":"MC","Selector":"SAVR","SubSelector":"TX","Configuration":{"QuestionDescriptionOption":"UseText"},"QuestionDescription":"If you had to pick one, what is your most favorite Popbot so far?","Choices":{"1":{"Display":"Doom Bot"},"2":{"Display":"Sherlock Bot"},"3":{"Display":"Glass-half-full Bot"},"4":{"Display":"Sir Laughs Bot"},"5":{"Display":"Treat yourself Bot"},"6":{"Display":"Dunno Bot"},"7":{"Display":"Checkin Bot"},"8":{"Display":"N\/A"}},"ChoiceOrder":["1","2","3","4","5","6","7","8"],"Validation":{"Settings":{"ForceResponse":"ON","ForceResponseType":"ON","Type":"None"}},"Language":[],"NextChoiceId":9,"NextAnswerId":1,"QuestionID":"QID84","AnalyzeChoices":{"8":"No"},"DataVisibility":{"Private":false,"Hidden":false},"DisplayLogic":{"0":{"0":{"LogicType":"Question","QuestionID":"QID101","QuestionIsInLoop":"no","ChoiceLocator":"q:\/\/QID101\/SelectableChoice\/1","Operator":"Selected","QuestionIDFromLocator":"QID101","LeftOperand":"q:\/\/QID101\/SelectableChoice\/1","Type":"Expression","Description":"<span class=\"ConjDesc\">If<\/span> <span class=\"QuestionDesc\">Did you interact with any of the Popbots this week?<\/span> <span class=\"LeftOpDesc\">Yes<\/span> <span class=\"OpDesc\">Is Selected<\/span> "},"Type":"If"},"Type":"BooleanExpression","inPage":false}}},{"SurveyID":"SV_6gmpusDDaeCxfp3","Element":"SQ","PrimaryAttribute":"QID113","SecondaryAttribute":"In a few sentences, what kinds of conversations have you been having with the bots?","TertiaryAttribute":null,"Payload":{"QuestionText":"In a few sentences, what kinds of conversations have you been having with the bots?","DefaultChoices":false,"DataExportTag":"Q33","QuestionID":"QID113","QuestionType":"TE","Selector":"SL","Configuration":{"QuestionDescriptionOption":"UseText"},"QuestionDescription":"In a few sentences, what kinds of conversations have you been having with the bots?","Validation":{"Settings":{"ForceResponse":"OFF","ForceResponseType":"ON","Type":"None"}},"GradingData":[],"Language":[],"NextChoiceId":4,"NextAnswerId":1,"SearchSource":{"AllowFreeResponse":"false"}}},{"SurveyID":"SV_6gmpusDDaeCxfp3","Element":"SQ","PrimaryAttribute":"QID123","SecondaryAttribute":"In one or two sentences, can you describe what you learned?","TertiaryAttribute":null,"Payload":{"QuestionText":"In one or two sentences, can you describe what you learned?","DefaultChoices":false,"DataExportTag":"Q43","QuestionType":"TE","Selector":"SL","DataVisibility":{"Private":false,"Hidden":false},"Configuration":{"QuestionDescriptionOption":"UseText"},"QuestionDescription":"In one or two sentences, can you describe what you learned?","Validation":{"Settings":{"ForceResponse":"OFF","ForceResponseType":"ON","Type":"None"}},"GradingData":[],"Language":[],"NextChoiceId":4,"NextAnswerId":1,"SearchSource":{"AllowFreeResponse":"false"},"QuestionID":"QID123"}},{"SurveyID":"SV_6gmpusDDaeCxfp3","Element":"SQ","PrimaryAttribute":"QID124","SecondaryAttribute":"In one or two sentences, can you describe what you learned?","TertiaryAttribute":null,"Payload":{"QuestionText":"In one or two sentences, can you describe what you learned?","DefaultChoices":false,"DataExportTag":"Q44","QuestionType":"TE","Selector":"SL","Configuration":{"QuestionDescriptionOption":"UseText"},"QuestionDescription":"In one or two sentences, can you describe what you learned?","DisplayLogic":{"0":{"0":{"LogicType":"Question","QuestionID":"QID107","QuestionIsInLoop":"no","ChoiceLocator":"q:\/\/QID107\/SelectableChoice\/4","Operator":"Selected","QuestionIDFromLocator":"QID107","LeftOperand":"q:\/\/QID107\/SelectableChoice\/4","Type":"Expression","Description":"<span class=\"ConjDesc\">If<\/span> <span class=\"QuestionDesc\">Have you learned anything from the Popbots this week about stress management?<\/span> <span class=\"LeftOpDesc\">Yes<\/span> <span class=\"OpDesc\">Is Selected<\/span> "},"Type":"If"},"Type":"BooleanExpression","inPage":false},"Validation":{"Settings":{"ForceResponse":"OFF","ForceResponseType":"ON","Type":"None"}},"GradingData":[],"Language":[],"NextChoiceId":4,"NextAnswerId":1,"SearchSource":{"AllowFreeResponse":"false"},"QuestionID":"QID124"}},{"SurveyID":"SV_6gmpusDDaeCxfp3","Element":"SQ","PrimaryAttribute":"QID110","SecondaryAttribute":"In one or two sentences, can you describe your experience?","TertiaryAttribute":null,"Payload":{"QuestionText":"In one or two sentences, can you describe your experience?","DefaultChoices":false,"DataExportTag":"Q30","QuestionType":"TE","Selector":"SL","Configuration":{"QuestionDescriptionOption":"UseText"},"QuestionDescription":"In one or two sentences, can you describe your experience?","Validation":{"Settings":{"ForceResponse":"ON","ForceResponseType":"ON","Type":"None"}},"GradingData":[],"Language":[],"NextChoiceId":4,"NextAnswerId":1,"SearchSource":{"AllowFreeResponse":"false"},"QuestionID":"QID110","DataVisibility":{"Private":false,"Hidden":false},"DisplayLogic":{"0":{"0":{"LogicType":"Question","QuestionID":"QID108","QuestionIsInLoop":"no","ChoiceLocator":"q:\/\/QID108\/SelectableChoice\/1","Operator":"Selected","QuestionIDFromLocator":"QID108","LeftOperand":"q:\/\/QID108\/SelectableChoice\/1","Type":"Expression","Description":"<span class=\"ConjDesc\">If<\/span> <span class=\"QuestionDesc\">Have you used any stress management techniques learned from the Popbots on your own (i.e., while not chatting with a Popbot) this week?<\/span> <span class=\"LeftOpDesc\">Yes<\/span> <span class=\"OpDesc\">Is Selected<\/span> "},"Type":"If"},"Type":"BooleanExpression","inPage":false}}},{"SurveyID":"SV_6gmpusDDaeCxfp3","Element":"SQ","PrimaryAttribute":"QID105","SecondaryAttribute":"In one or two sentences, what kinds of conversations have you been having with the Popbots this w...","TertiaryAttribute":null,"Payload":{"QuestionText":"In one or two sentences, what kinds of conversations have you been having with the Popbots this week?","DefaultChoices":false,"DataExportTag":"Q25","QuestionType":"TE","Selector":"ML","Configuration":{"QuestionDescriptionOption":"UseText"},"QuestionDescription":"In one or two sentences, what kinds of conversations have you been having with the Popbots this w...","DisplayLogic":{"0":{"0":{"LogicType":"Question","QuestionID":"QID101","QuestionIsInLoop":"no","ChoiceLocator":"q:\/\/QID101\/SelectableChoice\/1","Operator":"Selected","QuestionIDFromLocator":"QID101","LeftOperand":"q:\/\/QID101\/SelectableChoice\/1","Type":"Expression","Description":"<span class=\"ConjDesc\">If<\/span> <span class=\"QuestionDesc\">Did you interact with any of the Popbots this week?<\/span> <span class=\"LeftOpDesc\">Yes<\/span> <span class=\"OpDesc\">Is Selected<\/span> "},"Type":"If"},"Type":"BooleanExpression","inPage":false},"Validation":{"Settings":{"ForceResponse":"ON","ForceResponseType":"ON","Type":"None"}},"GradingData":[],"Language":[],"NextChoiceId":4,"NextAnswerId":1,"SearchSource":{"AllowFreeResponse":"false"},"QuestionID":"QID105","DataVisibility":{"Private":false,"Hidden":false}}},{"SurveyID":"SV_6gmpusDDaeCxfp3","Element":"SQ","PrimaryAttribute":"QID96","SecondaryAttribute":"In the past SEVEN (7) DAYS...","TertiaryAttribute":null,"Payload":{"QuestionText":"<b>In the past SEVEN (7) DAYS...<\/b>","DefaultChoices":false,"DataExportTag":"Q16","QuestionID":"QID96","QuestionType":"Matrix","Selector":"Likert","SubSelector":"SingleAnswer","Configuration":{"QuestionDescriptionOption":"UseText","TextPosition":"inline","ChoiceColumnWidth":25,"RepeatHeaders":"none","WhiteSpace":"OFF","MobileFirst":true,"ChoiceColumnWidthPixels":269},"QuestionDescription":"In the past SEVEN (7) DAYS...","Choices":{"4":{"Display":"I was irritated more than people knew"},"5":{"Display":"I felt angry"},"6":{"Display":"I felt like I was ready to explode"},"7":{"Display":"I was grouchy"},"8":{"Display":"I felt annoyed"}},"ChoiceOrder":["4","5","6","7","8"],"Validation":{"Settings":{"ForceResponse":"ON","ForceResponseType":"ON","Type":"None"}},"GradingData":[],"Language":[],"NextChoiceId":9,"NextAnswerId":6,"Answers":{"1":{"Display":"Never"},"2":{"Display":"Rarely"},"3":{"Display":"Sometimes"},"4":{"Display":"Often"},"5":{"Display":"Always"}},"AnswerOrder":["1","2","3","4","5"],"ChoiceDataExportTags":false,"DataVisibility":{"Private":false,"Hidden":false}}},{"SurveyID":"SV_6gmpusDDaeCxfp3","Element":"SQ","PrimaryAttribute":"QID97","SecondaryAttribute":"In the past SEVEN (7) DAYS...","TertiaryAttribute":null,"Payload":{"QuestionText":"<b>In the past SEVEN (7) DAYS...<\/b>","DefaultChoices":false,"DataExportTag":"Q17","QuestionType":"Matrix","Selector":"Likert","SubSelector":"SingleAnswer","DataVisibility":{"Private":false,"Hidden":false},"Configuration":{"QuestionDescriptionOption":"UseText","TextPosition":"inline","ChoiceColumnWidthPixels":337,"RepeatHeaders":"none","WhiteSpace":"OFF","MobileFirst":true},"QuestionDescription":"In the past SEVEN (7) DAYS...","Choices":{"4":{"Display":"I felt fearful"},"5":{"Display":"I found it hard to focus on anything other than my anxiety"},"6":{"Display":"I felt uneasy"},"7":{"Display":"I felt nevous"},"8":{"Display":"I felt like I needed help for my anxiety"},"9":{"Display":"My worries overwhelmed me"},"10":{"Display":"I felt anxious"},"11":{"Display":"I felt tense"}},"ChoiceOrder":["4","5","9","6","7","8","10","11"],"Validation":{"Settings":{"ForceResponse":"ON","ForceResponseType":"ON","Type":"None"}},"GradingData":[],"Language":[],"NextChoiceId":12,"NextAnswerId":6,"Answers":{"1":{"Display":"Never"},"2":{"Display":"Rarely"},"3":{"Display":"Sometimes"},"4":{"Display":"Often"},"5":{"Display":"Always"}},"AnswerOrder":["1","2","3","4","5"],"ChoiceDataExportTags":false,"QuestionID":"QID97"}},{"SurveyID":"SV_6gmpusDDaeCxfp3","Element":"SQ","PrimaryAttribute":"QID98","SecondaryAttribute":"In the past SEVEN (7) DAYS...","TertiaryAttribute":null,"Payload":{"QuestionText":"<b>In the past SEVEN (7) DAYS...<\/b>","DefaultChoices":false,"DataExportTag":"Q18","QuestionType":"Matrix","Selector":"Likert","SubSelector":"SingleAnswer","DataVisibility":{"Private":false,"Hidden":false},"Configuration":{"QuestionDescriptionOption":"UseText","TextPosition":"inline","ChoiceColumnWidthPixels":337,"RepeatHeaders":"none","WhiteSpace":"OFF","MobileFirst":true},"QuestionDescription":"In the past SEVEN (7) DAYS...","Choices":{"5":{"Display":"I felt helpless"},"6":{"Display":"I felt hopeless"},"7":{"Display":"I felt like a failure"},"8":{"Display":"I felt unhappy"},"9":{"Display":"I felt depressed"},"10":{"Display":"I felt that I had nothing to look forward to"},"11":{"Display":"I felt that nothing could cheer me up"},"14":{"Display":"I felt worthless"}},"ChoiceOrder":["14","5","9","6","7","8","10","11"],"Validation":{"Settings":{"ForceResponse":"ON","ForceResponseType":"ON","Type":"None"}},"GradingData":[],"Language":[],"NextChoiceId":16,"NextAnswerId":6,"Answers":{"1":{"Display":"Never"},"2":{"Display":"Rarely"},"3":{"Display":"Sometimes"},"4":{"Display":"Often"},"5":{"Display":"Always"}},"AnswerOrder":["1","2","3","4","5"],"ChoiceDataExportTags":false,"QuestionID":"QID98"}},{"SurveyID":"SV_6gmpusDDaeCxfp3","Element":"SQ","PrimaryAttribute":"QID116","SecondaryAttribute":"In the past SEVEN (7) DAYS...","TertiaryAttribute":null,"Payload":{"QuestionText":"<b>In the past SEVEN (7) DAYS...<\/b>","DefaultChoices":false,"DataExportTag":"Q36","QuestionType":"Matrix","Selector":"Likert","SubSelector":"SingleAnswer","Configuration":{"QuestionDescriptionOption":"UseText","TextPosition":"inline","ChoiceColumnWidth":25,"RepeatHeaders":"none","WhiteSpace":"OFF","MobileFirst":true},"QuestionDescription":"In the past SEVEN (7) DAYS...","Choices":{"1":{"Display":"My sleep was restless"},"2":{"Display":"I was satisfied with my sleep"},"3":{"Display":"My sleep was refreshing"},"4":{"Display":"I had difficulty falling asleep"}},"ChoiceOrder":["1","2","3","4"],"Validation":{"Settings":{"ForceResponse":"ON","ForceResponseType":"ON","Type":"None"}},"GradingData":[],"Language":[],"NextChoiceId":9,"NextAnswerId":6,"Answers":{"1":{"Display":"Not at all"},"2":{"Display":"A little bit"},"3":{"Display":"Somewhat"},"4":{"Display":"Quite a bit"},"5":{"Display":"Very much"}},"AnswerOrder":["1","2","3","4","5"],"ChoiceDataExportTags":false,"QuestionID":"QID116"}},{"SurveyID":"SV_6gmpusDDaeCxfp3","Element":"SQ","PrimaryAttribute":"QID117","SecondaryAttribute":"In the past SEVEN (7) DAYS...","TertiaryAttribute":null,"Payload":{"QuestionText":"<b>In the past SEVEN (7) DAYS...<\/b>","DefaultChoices":false,"DataExportTag":"Q37","QuestionType":"Matrix","Selector":"Likert","SubSelector":"SingleAnswer","Configuration":{"QuestionDescriptionOption":"UseText","TextPosition":"inline","ChoiceColumnWidth":25,"RepeatHeaders":"none","WhiteSpace":"OFF","MobileFirst":true},"QuestionDescription":"In the past SEVEN (7) DAYS...","Choices":{"1":{"Display":"I had trouble staying asleep"},"2":{"Display":"I had trouble sleeping"},"3":{"Display":"I got enough sleep"}},"ChoiceOrder":["1","2","3"],"Validation":{"Settings":{"ForceResponse":"ON","ForceResponseType":"ON","Type":"None"}},"GradingData":[],"Language":[],"NextChoiceId":4,"NextAnswerId":6,"Answers":{"1":{"Display":"Never"},"2":{"Display":"Rarely"},"3":{"Display":"Sometimes"},"4":{"Display":"Often"},"5":{"Display":"Always"}},"AnswerOrder":["1","2","3","4","5"],"ChoiceDataExportTags":false,"QuestionID":"QID117"}},{"SurveyID":"SV_6gmpusDDaeCxfp3","Element":"SQ","PrimaryAttribute":"QID118","SecondaryAttribute":"In the past SEVEN (7) DAYS...","TertiaryAttribute":null,"Payload":{"QuestionText":"<b>In the past SEVEN (7) DAYS...<\/b>","DefaultChoices":false,"DataExportTag":"Q38","QuestionType":"Matrix","Selector":"Likert","SubSelector":"SingleAnswer","Configuration":{"QuestionDescriptionOption":"UseText","TextPosition":"inline","ChoiceColumnWidth":25,"RepeatHeaders":"none","WhiteSpace":"OFF","MobileFirst":true},"QuestionDescription":"In the past SEVEN (7) DAYS...","Choices":{"1":{"Display":"My sleep quality was..."}},"ChoiceOrder":["1"],"Validation":{"Settings":{"ForceResponse":"ON","ForceResponseType":"ON","Type":"None"}},"GradingData":[],"Language":[],"NextChoiceId":4,"NextAnswerId":6,"Answers":{"1":{"Display":"Very poor"},"2":{"Display":"Poor"},"3":{"Display":"Fair"},"4":{"Display":"Good"},"5":{"Display":"Very good"}},"AnswerOrder":["1","2","3","4","5"],"ChoiceDataExportTags":false,"QuestionID":"QID118"}},{"SurveyID":"SV_6gmpusDDaeCxfp3","Element":"SQ","PrimaryAttribute":"QID94","SecondaryAttribute":"In this survey, you will be asked to provide some basic information about your experience today\u00a0A..","TertiaryAttribute":null,"Payload":{"QuestionText":"In this survey, you will be asked to provide some basic information about your experience today&nbsp;<span style=\"font-weight: bolder;\">AND&nbsp;<\/span>over this past week. Please be as honest, complete, and detailed as possible.","DefaultChoices":false,"DataExportTag":"Q14","QuestionType":"DB","Selector":"TB","Configuration":{"QuestionDescriptionOption":"UseText"},"QuestionDescription":"In this survey, you will be asked to provide some basic information about your experience today\u00a0A...","ChoiceOrder":[],"Validation":{"Settings":{"Type":"None"}},"GradingData":[],"Language":[],"NextChoiceId":4,"NextAnswerId":1,"QuestionID":"QID94","DataVisibility":{"Private":false,"Hidden":false}}},{"SurveyID":"SV_6gmpusDDaeCxfp3","Element":"SQ","PrimaryAttribute":"QID106","SecondaryAttribute":"Overall, how usable were the Popbots over the past week?","TertiaryAttribute":null,"Payload":{"QuestionText":"Overall, how usable were the Popbots over the past week?","DefaultChoices":false,"DataExportTag":"Q26","QuestionType":"Matrix","Selector":"Likert","SubSelector":"SingleAnswer","Configuration":{"QuestionDescriptionOption":"UseText","TextPosition":"inline","ChoiceColumnWidth":25,"WhiteSpace":"ON","MobileFirst":true,"ChoiceColumnWidthPixels":338,"RepeatHeaders":"middle"},"QuestionDescription":"Overall, how usable were the Popbots over the past week?","Choices":{"4":{"Display":"I think that I would like to use the Popbots frequently<br \/>\n&nbsp;"},"5":{"Display":"I found the Popbots unnecessarily complex<br \/>\n&nbsp;"},"6":{"Display":"I thought the Popbots were easy to use<br \/>\n&nbsp;"},"7":{"Display":"I think that I would need the support of a technical person to be able to use the Popbots<br \/>\n&nbsp;"},"8":{"Display":"I found the various functions of the Popbots to be well integrated<br \/>\n&nbsp;"},"9":{"Display":"I thought there was too much inconsistency in the Popbots<br \/>\n&nbsp;"},"10":{"Display":"I would imagine that most people would learn to use the Popbots very quickly<br \/>\n&nbsp;"},"11":{"Display":"I found the Popbots very cumbersome to use<br \/>\n&nbsp;"},"12":{"Display":"I felt very confident using the Popbots<br \/>\n&nbsp;"},"13":{"Display":"I needed to learn a lot of things before I could get going with the Popbots"}},"ChoiceOrder":["4","5","6","7","8","9","10","11","12","13"],"Validation":{"Settings":{"ForceResponse":"OFF","ForceResponseType":"ON","Type":"None"}},"GradingData":[],"Language":[],"NextChoiceId":15,"NextAnswerId":10,"Answers":{"1":{"Display":"1"},"6":{"Display":"2"},"7":{"Display":"3"},"8":{"Display":"4"},"9":{"Display":"5"}},"AnswerOrder":["1","6","7","8","9"],"ChoiceDataExportTags":false,"QuestionID":"QID106","ColumnLabels":[{"Display":"Strongly<br \/>\nDisagree","IsLabelDefault":false},{"Display":"Strongly<br\/>Agree","IsLabelDefault":false}]}},{"SurveyID":"SV_6gmpusDDaeCxfp3","Element":"SQ","PrimaryAttribute":"QID92","SecondaryAttribute":"Please enter today's date","TertiaryAttribute":null,"Payload":{"QuestionText":"Please enter today's date\n\n<link href=\"https:\/\/ajax.googleapis.com\/ajax\/libs\/yui\/2.9.0\/build\/calendar\/assets\/skins\/sam\/calendar.css\" rel=\"stylesheet\" type=\"text\/css\"\/><script type=\"text\/javascript\" src=\"https:\/\/ajax.googleapis.com\/ajax\/libs\/yui\/2.9.0\/build\/yahoo-dom-event\/yahoo-dom-event.js\"><\/script> <script type=\"text\/javascript\" src=\"https:\/\/ajax.googleapis.com\/ajax\/libs\/yui\/2.9.0\/build\/calendar\/calendar-min.js\"><\/script> <script>Qualtrics.SurveyEngine.addOnload(function(){var qid =this.questionId;var calid = qid +'_cal';var y =QBuilder('div');\n  $(y).setStyle({clear:'both'});var d =QBuilder('div',{className:'yui-skin-sam'},[QBuilder('div',{id:calid}),\n    y\n  ]);var c =this.questionContainer;\n  c = $(c).down('.QuestionText');\n  c.appendChild(d);var cal1 =new YAHOO.widget.Calendar(calid); \n  cal1.render();var input = $('QR~'+ qid);\n  $(input).setStyle({marginTop:'20px',width:'150px'});var p =$(input).up();var x =QBuilder('div');\n  $(x).setStyle({clear:'both'});\n  p.insert(x,{position:'before'});\n    cal1.selectEvent.subscribe(function(e,dates){var date = dates[0][0];if(date[1]<10)\n        date[1]='0'+ date[1];if(date[2]<10)\n        date[2]='0'+ date[2];\n    input.value = date[1]+'\/'+date[2]+'\/'+date[0];})});<\/script>","DefaultChoices":{"TEXT":{"Text":"${date:\/\/CurrentDate\/m%2Fd%2FY}"}},"DataExportTag":"Q12","QuestionType":"TE","Selector":"SL","Configuration":{"QuestionDescriptionOption":"UseText","AllowFreeResponse":"false","InputWidth":580,"InputHeight":28},"QuestionDescription":"Please enter today's date","Validation":{"Settings":{"ForceResponse":"ON","ForceResponseType":"ON","Type":"ContentType","ContentType":"ValidDate","ValidDateType":"DateWithFormat","ValidPhoneType":"ValidUSPhone","ValidZipType":"ValidUSZip"}},"GradingData":[],"Language":[],"NextChoiceId":4,"NextAnswerId":1,"QuestionID":"QID92","DataVisibility":{"Private":false,"Hidden":false}}},{"SurveyID":"SV_6gmpusDDaeCxfp3","Element":"SQ","PrimaryAttribute":"QID88","SecondaryAttribute":"Please enter your email address (i.e., the one you used to register for the study).","TertiaryAttribute":null,"Payload":{"QuestionText":"Please enter your email address (i.e., the one you used to register for the study).","DefaultChoices":false,"DataExportTag":"Q88","QuestionType":"TE","Selector":"SL","Configuration":{"QuestionDescriptionOption":"UseText","AllowFreeResponse":"false"},"QuestionDescription":"Please enter your email address (i.e., the one you used to register for the study).","Validation":{"Settings":{"ForceResponse":"ON","ForceResponseType":"ON","Type":"ContentType","ContentType":"ValidEmail","ValidDateType":"DateWithFormat","ValidPhoneType":"ValidUSPhone","ValidZipType":"ValidUSZip"}},"GradingData":[],"Language":[],"NextChoiceId":4,"NextAnswerId":1,"QuestionID":"QID88","DataVisibility":{"Private":false,"Hidden":false}}},{"SurveyID":"SV_6gmpusDDaeCxfp3","Element":"SQ","PrimaryAttribute":"QID82","SecondaryAttribute":"Please explain why and\/or what can be improved.","TertiaryAttribute":null,"Payload":{"QuestionText":"Please explain why and\/or what can be improved.","DefaultChoices":false,"DataExportTag":"Q82","QuestionID":"QID82","QuestionType":"TE","Selector":"SL","Configuration":{"QuestionDescriptionOption":"UseText","AllowFreeResponse":"false"},"QuestionDescription":"Please explain why and\/or what can be improved.","Validation":{"Settings":{"ForceResponse":"OFF","ForceResponseType":"ON","Type":"None"}},"GradingData":[],"Language":[],"NextChoiceId":4,"NextAnswerId":1}},{"SurveyID":"SV_6gmpusDDaeCxfp3","Element":"SQ","PrimaryAttribute":"QID87","SecondaryAttribute":"That's okay.","TertiaryAttribute":null,"Payload":{"QuestionText":"That's okay.","DefaultChoices":false,"DataExportTag":"Q87","QuestionID":"QID87","QuestionType":"DB","Selector":"TB","DataVisibility":{"Private":false,"Hidden":false},"Configuration":{"QuestionDescriptionOption":"UseText"},"QuestionDescription":"That's okay.","DisplayLogic":{"0":{"0":{"LogicType":"Question","QuestionID":"QID101","QuestionIsInLoop":"no","ChoiceLocator":"q:\/\/QID101\/SelectableChoice\/2","Operator":"Selected","QuestionIDFromLocator":"QID101","LeftOperand":"q:\/\/QID101\/SelectableChoice\/2","Type":"Expression","Description":"<span class=\"ConjDesc\">If<\/span> <span class=\"QuestionDesc\">Did you interact with any of the Popbots this week?<\/span> <span class=\"LeftOpDesc\">No<\/span> <span class=\"OpDesc\">Is Selected<\/span> "},"Type":"If"},"Type":"BooleanExpression","inPage":false},"ChoiceOrder":[],"Validation":{"Settings":{"Type":"None"}},"GradingData":[],"Language":[],"NextChoiceId":4,"NextAnswerId":1}},{"SurveyID":"SV_6gmpusDDaeCxfp3","Element":"SQ","PrimaryAttribute":"QID80","SecondaryAttribute":"The next four questions will ask you to think about your day.","TertiaryAttribute":null,"Payload":{"QuestionText":"<b>The next four questions will ask you to think about your day.<\/b>","DefaultChoices":false,"DataExportTag":"Q80","QuestionType":"DB","Selector":"TB","Configuration":{"QuestionDescriptionOption":"UseText"},"QuestionDescription":"The next four questions will ask you to think about your day.","ChoiceOrder":[],"Validation":{"Settings":{"Type":"None"}},"GradingData":[],"Language":[],"NextChoiceId":4,"NextAnswerId":1,"QuestionID":"QID80","DataVisibility":{"Private":false,"Hidden":false}}},{"SurveyID":"SV_6gmpusDDaeCxfp3","Element":"SQ","PrimaryAttribute":"QID95","SecondaryAttribute":"The next sets of questions will ask you to think about your week overall. We will ask you about y...","TertiaryAttribute":null,"Payload":{"QuestionText":"<b>The next sets of questions will ask you to think about your week overall. <\/b>We will ask you about your sleep patterns and emotional state.","DefaultChoices":false,"DataExportTag":"Q15","QuestionType":"DB","Selector":"TB","Configuration":{"QuestionDescriptionOption":"UseText"},"QuestionDescription":"The next sets of questions will ask you to think about your week overall. We will ask you about y...","ChoiceOrder":[],"Validation":{"Settings":{"Type":"None"}},"GradingData":[],"Language":[],"NextChoiceId":4,"NextAnswerId":1,"QuestionID":"QID95","DataVisibility":{"Private":false,"Hidden":false}}},{"SurveyID":"SV_6gmpusDDaeCxfp3","Element":"SQ","PrimaryAttribute":"QID111","SecondaryAttribute":"Was what you learned helpful in these situation(s)? Please explain.","TertiaryAttribute":null,"Payload":{"QuestionText":"Was what you learned helpful in these situation(s)? Please explain.","DefaultChoices":false,"DataExportTag":"Q31","QuestionType":"TE","Selector":"SL","Configuration":{"QuestionDescriptionOption":"UseText"},"QuestionDescription":"Was what you learned helpful in these situation(s)? Please explain.","Validation":{"Settings":{"ForceResponse":"OFF","ForceResponseType":"ON","Type":"None"}},"GradingData":[],"Language":[],"NextChoiceId":4,"NextAnswerId":1,"SearchSource":{"AllowFreeResponse":"false"},"QuestionID":"QID111","DataVisibility":{"Private":false,"Hidden":false},"DisplayLogic":{"0":{"0":{"LogicType":"Question","QuestionID":"QID108","QuestionIsInLoop":"no","ChoiceLocator":"q:\/\/QID108\/SelectableChoice\/1","Operator":"Selected","QuestionIDFromLocator":"QID108","LeftOperand":"q:\/\/QID108\/SelectableChoice\/1","Type":"Expression","Description":"<span class=\"ConjDesc\">If<\/span> <span class=\"QuestionDesc\">Have you used any stress management techniques learned from the Popbots in your own (i.e., while not chatting with a Popbot)?<\/span> <span class=\"LeftOpDesc\">Yes<\/span> <span class=\"OpDesc\">Is Selected<\/span> "},"Type":"If"},"Type":"BooleanExpression","inPage":false}}},{"SurveyID":"SV_6gmpusDDaeCxfp3","Element":"SQ","PrimaryAttribute":"QID120","SecondaryAttribute":"Were these conversations helpful for managing your daily stress?","TertiaryAttribute":null,"Payload":{"QuestionText":"Were these conversations helpful for managing your daily stress?","DefaultChoices":false,"DataExportTag":"Q40","QuestionID":"QID120","QuestionType":"Matrix","Selector":"Likert","SubSelector":"SingleAnswer","Configuration":{"QuestionDescriptionOption":"UseText","TextPosition":"inline","ChoiceColumnWidth":25,"RepeatHeaders":"none","WhiteSpace":"OFF","MobileFirst":true,"ChoiceColumnWidthPixels":10},"QuestionDescription":"Were these conversations helpful for managing your daily stress?","Choices":{"1":{"Display":"Level of helpfulness"}},"ChoiceOrder":["1"],"Validation":{"Settings":{"ForceResponse":"OFF","ForceResponseType":"ON","Type":"None"}},"GradingData":[],"Language":[],"NextChoiceId":4,"NextAnswerId":6,"Answers":{"1":{"Display":"Extremely helpful"},"2":{"Display":"Very helpful"},"3":{"Display":"Moderately helpful"},"4":{"Display":"Slightly helpful"},"5":{"Display":"Not at all helpful"}},"AnswerOrder":["1","2","3","4","5"],"ChoiceDataExportTags":false,"DataVisibility":{"Private":false,"Hidden":false},"DisplayLogic":{"0":{"0":{"LogicType":"Question","QuestionID":"QID101","QuestionIsInLoop":"no","ChoiceLocator":"q:\/\/QID101\/SelectableChoice\/1","Operator":"Selected","QuestionIDFromLocator":"QID101","LeftOperand":"q:\/\/QID101\/SelectableChoice\/1","Type":"Expression","Description":"<span class=\"ConjDesc\">If<\/span> <span class=\"QuestionDesc\">Did you interact with any of the Popbots this week?<\/span> <span class=\"LeftOpDesc\">Yes<\/span> <span class=\"OpDesc\">Is Selected<\/span> "},"Type":"If"},"Type":"BooleanExpression","inPage":false}}},{"SurveyID":"SV_6gmpusDDaeCxfp3","Element":"SQ","PrimaryAttribute":"QID112","SecondaryAttribute":"What technique ","TertiaryAttribute":null,"Payload":{"QuestionText":"What technique&nbsp;","DefaultChoices":false,"DataExportTag":"Q32","QuestionType":"TE","Selector":"SL","Configuration":{"QuestionDescriptionOption":"UseText"},"QuestionDescription":"What technique ","Validation":{"Settings":{"ForceResponse":"OFF","ForceResponseType":"ON","Type":"None"}},"GradingData":[],"Language":[],"NextChoiceId":4,"NextAnswerId":1,"SearchSource":{"AllowFreeResponse":"false"},"QuestionID":"QID112"}},{"SurveyID":"SV_6gmpusDDaeCxfp3","Element":"SQ","PrimaryAttribute":"QID91","SecondaryAttribute":"What would you say was your level of social interaction today?","TertiaryAttribute":null,"Payload":{"QuestionText":"What would you say was your level of social interaction today?","DefaultChoices":false,"DataExportTag":"Q11","QuestionID":"QID91","QuestionType":"Matrix","Selector":"Likert","SubSelector":"SingleAnswer","Configuration":{"QuestionDescriptionOption":"UseText","TextPosition":"inline","ChoiceColumnWidth":25,"RepeatHeaders":"none","WhiteSpace":"OFF","MobileFirst":true},"QuestionDescription":"What would you say was your level of social interaction today?","Choices":{"1":{"Display":"Level of social interaction"}},"ChoiceOrder":["1"],"Validation":{"Settings":{"ForceResponse":"ON","ForceResponseType":"ON","Type":"None"}},"GradingData":[],"Language":[],"NextChoiceId":4,"NextAnswerId":6,"Answers":{"1":{"Display":"None"},"2":{"Display":"Low"},"3":{"Display":"Moderate"},"4":{"Display":"High"},"5":{"Display":"Very high"}},"AnswerOrder":["1","2","3","4","5"],"ChoiceDataExportTags":false,"DataVisibility":{"Private":false,"Hidden":false}}},{"SurveyID":"SV_6gmpusDDaeCxfp3","Element":"SQ","PrimaryAttribute":"QID83","SecondaryAttribute":"Which Popbots did you interact with?","TertiaryAttribute":null,"Payload":{"QuestionText":"Which Popbots did you interact with?","DataExportTag":"Q83","QuestionType":"MC","Selector":"MAVR","SubSelector":"TX","Configuration":{"QuestionDescriptionOption":"UseText"},"QuestionDescription":"Which Popbots did you interact with?","Choices":{"1":{"Display":"Doom Bot"},"2":{"Display":"Sherlock Bot"},"3":{"Display":"Glass-half-full Bot"},"4":{"Display":"Sir Laughs Bot"},"5":{"Display":"Treat yourself Bot"},"6":{"Display":"Dunno Bot"},"7":{"Display":"Checkin Bot"}},"ChoiceOrder":["1","2","3","4","5","6","7"],"Validation":{"Settings":{"ForceResponse":"ON","ForceResponseType":"ON","Type":"None"}},"Language":[],"NextChoiceId":8,"NextAnswerId":1,"QuestionID":"QID83","DataVisibility":{"Private":false,"Hidden":false},"DefaultChoices":false,"GradingData":[],"DisplayLogic":{"0":{"0":{"LogicType":"Question","QuestionID":"QID101","QuestionIsInLoop":"no","ChoiceLocator":"q:\/\/QID101\/SelectableChoice\/1","Operator":"Selected","QuestionIDFromLocator":"QID101","LeftOperand":"q:\/\/QID101\/SelectableChoice\/1","Type":"Expression","Description":"<span class=\"ConjDesc\">If<\/span> <span class=\"QuestionDesc\">Did you interact with any of the Popbots this week?<\/span> <span class=\"LeftOpDesc\">Yes<\/span> <span class=\"OpDesc\">Is Selected<\/span> "},"Type":"If"},"Type":"BooleanExpression","inPage":false}}},{"SurveyID":"SV_6gmpusDDaeCxfp3","Element":"SQ","PrimaryAttribute":"QID121","SecondaryAttribute":"Why did you select this option? ","TertiaryAttribute":null,"Payload":{"QuestionText":"Why did you select this option?&nbsp;","DefaultChoices":false,"DataExportTag":"Q41","QuestionType":"TE","Selector":"SL","DataVisibility":{"Private":false,"Hidden":false},"Configuration":{"QuestionDescriptionOption":"UseText"},"QuestionDescription":"Why did you select this option? ","DisplayLogic":{"0":{"0":{"LogicType":"Question","QuestionID":"QID101","QuestionIsInLoop":"no","ChoiceLocator":"q:\/\/QID101\/SelectableChoice\/1","Operator":"Selected","QuestionIDFromLocator":"QID101","LeftOperand":"q:\/\/QID101\/SelectableChoice\/1","Type":"Expression","Description":"<span class=\"ConjDesc\">If<\/span> <span class=\"QuestionDesc\">Did you interact with any of the Popbots this week?<\/span> <span class=\"LeftOpDesc\">Yes<\/span> <span class=\"OpDesc\">Is Selected<\/span> "},"Type":"If"},"Type":"BooleanExpression","inPage":false},"Validation":{"Settings":{"ForceResponse":"ON","ForceResponseType":"ON","Type":"None"}},"GradingData":[],"Language":[],"NextChoiceId":4,"NextAnswerId":1,"SearchSource":{"AllowFreeResponse":"false"},"QuestionID":"QID121"}},{"SurveyID":"SV_6gmpusDDaeCxfp3","Element":"SQ","PrimaryAttribute":"QID102","SecondaryAttribute":"Why is this Popbot your least favorite?","TertiaryAttribute":null,"Payload":{"QuestionText":"Why is this Popbot&nbsp;your least favorite?","DefaultChoices":false,"DataExportTag":"Q27","QuestionType":"TE","Selector":"SL","DataVisibility":{"Private":false,"Hidden":false},"Configuration":{"QuestionDescriptionOption":"UseText"},"QuestionDescription":"Why is this Popbot your least favorite?","DisplayLogic":{"0":{"0":{"LogicType":"Question","QuestionID":"QID101","QuestionIsInLoop":"no","ChoiceLocator":"q:\/\/QID101\/SelectableChoice\/1","Operator":"Selected","QuestionIDFromLocator":"QID101","LeftOperand":"q:\/\/QID101\/SelectableChoice\/1","Type":"Expression","Description":"<span class=\"ConjDesc\">If<\/span> <span class=\"QuestionDesc\">Did you interact with any of the Popbots this week?<\/span> <span class=\"LeftOpDesc\">Yes<\/span> <span class=\"OpDesc\">Is Selected<\/span> "},"Type":"If"},"Type":"BooleanExpression","inPage":false},"Validation":{"Settings":{"ForceResponse":"ON","ForceResponseType":"ON","Type":"None"}},"GradingData":[],"Language":[],"NextChoiceId":4,"NextAnswerId":1,"SearchSource":{"AllowFreeResponse":"false"},"QuestionID":"QID102"}},{"SurveyID":"SV_6gmpusDDaeCxfp3","Element":"SQ","PrimaryAttribute":"QID86","SecondaryAttribute":"Why is this Popbot your most favorite? ","TertiaryAttribute":null,"Payload":{"QuestionText":"Why is this Popbot&nbsp;your most favorite?&nbsp;","DefaultChoices":false,"DataExportTag":"Q86","QuestionType":"TE","Selector":"SL","Configuration":{"QuestionDescriptionOption":"UseText","AllowFreeResponse":"false"},"QuestionDescription":"Why is this Popbot your most favorite? ","Validation":{"Settings":{"ForceResponse":"ON","ForceResponseType":"ON","Type":"None"}},"GradingData":[],"Language":[],"NextChoiceId":4,"NextAnswerId":1,"QuestionID":"QID86","DataVisibility":{"Private":false,"Hidden":false},"SearchSource":{"AllowFreeResponse":"false"},"DisplayLogic":{"0":{"0":{"LogicType":"Question","QuestionID":"QID101","QuestionIsInLoop":"no","ChoiceLocator":"q:\/\/QID101\/SelectableChoice\/1","Operator":"Selected","QuestionIDFromLocator":"QID101","LeftOperand":"q:\/\/QID101\/SelectableChoice\/1","Type":"Expression","Description":"<span class=\"ConjDesc\">If<\/span> <span class=\"QuestionDesc\">Did you interact with any of the Popbots this week?<\/span> <span class=\"LeftOpDesc\">Yes<\/span> <span class=\"OpDesc\">Is Selected<\/span> "},"Type":"If"},"Type":"BooleanExpression","inPage":false}}}]}